
Microsoft Visual Studio Solution File, Format Version 12.00
# Visual Studio Version 17
VisualStudioVersion = 17.0.32014.148
MinimumVisualStudioVersion = 10.0.40219.1
Project("{2150E333-8FDC-42A3-9474-1A3956D46DE8}") = "C16x9", "C16x9", "{D5923179-C908-4EC8-AEC8-C1A467871028}"
EndProject
Project("{2150E333-8FDC-42A3-9474-1A3956D46DE8}") = "Sample", "Sample", "{12EBAE4F-44EF-4073-99CB-DA025F8E7B84}"
EndProject
Project("{2150E333-8FDC-42A3-9474-1A3956D46DE8}") = "CButton", "CButton", "{7C2E1186-979B-408D-BA66-7224C048B8CB}"
EndProject
Project("{2150E333-8FDC-42A3-9474-1A3956D46DE8}") = "Sample", "Sample", "{2C34DE9C-6860-4963-BF83-013458FFFB40}"
EndProject
Project("{2150E333-8FDC-42A3-9474-1A3956D46DE8}") = "CJoystick", "CJoystick", "{718BB57D-3173-4122-B600-AF7082422A4A}"
EndProject
Project("{9A19103F-16F7-4668-BE54-9A1E7A4F7556}") = "CJoystick", "CJoystick\Driver\CJoystick.csproj", "{1BCF1BC3-0063-4AF6-B19A-11FAF6DD663E}"
EndProject
Project("{2150E333-8FDC-42A3-9474-1A3956D46DE8}") = "Sample", "Sample", "{92324595-67BA-460E-A897-BD6B17BEE8A6}"
EndProject
Project("{9A19103F-16F7-4668-BE54-9A1E7A4F7556}") = "CJoystick_Sample", "CJoystick\Sample\CJoystick_Sample\CJoystick_Sample.csproj", "{800A4E96-D57E-4C99-AFD7-EC483B8AD518}"
EndProject
Project("{2150E333-8FDC-42A3-9474-1A3956D46DE8}") = "C8x8", "C8x8", "{3FD20D90-7756-4A4B-A856-AC5D6EBD240C}"
EndProject
Project("{2150E333-8FDC-42A3-9474-1A3956D46DE8}") = "Sample", "Sample", "{C771FB9E-D1C3-4B1B-A30B-D727F469C991}"
EndProject
Project("{2150E333-8FDC-42A3-9474-1A3956D46DE8}") = "CTempHum15", "CTempHum15", "{DEF32692-C0ED-4569-8AEB-045569AD635D}"
EndProject
Project("{9A19103F-16F7-4668-BE54-9A1E7A4F7556}") = "CTempHum15", "CTempHum15\Driver\CTempHum15.csproj", "{96194EEC-462D-4E45-8B76-2DF26A894D09}"
EndProject
Project("{2150E333-8FDC-42A3-9474-1A3956D46DE8}") = "Sample", "Sample", "{812A3B27-11FC-4405-BF4D-D1F9AAD4D54E}"
EndProject
Project("{9A19103F-16F7-4668-BE54-9A1E7A4F7556}") = "CTempHum15_Sample", "CTempHum15\Sample\CTempHum15_Sample\CTempHum15_Sample.csproj", "{CCDCAAAB-0987-455F-BC5C-176FF3FBCA40}"
EndProject
Project("{9A19103F-16F7-4668-BE54-9A1E7A4F7556}") = "C8x8", "C8x8\Driver\C8x8.csproj", "{99224854-CFE6-4EB9-925A-EF5E931954C2}"
EndProject
Project("{9A19103F-16F7-4668-BE54-9A1E7A4F7556}") = "C8x8_Sample", "C8x8\Sample\C8x8_Sample\C8x8_Sample.csproj", "{FBE16065-3C73-4BC8-B6AE-FD624D1F1B51}"
EndProject
Project("{9A19103F-16F7-4668-BE54-9A1E7A4F7556}") = "C16x9", "C16x9\Driver\C16x9.csproj", "{660DCD33-2095-4072-A487-96DA0201C946}"
EndProject
Project("{9A19103F-16F7-4668-BE54-9A1E7A4F7556}") = "C16x9_Sample", "C16x9\Sample\C16x9G_Sample\C16x9_Sample.csproj", "{7065A24E-4A6D-4C59-ADEF-C5AC63FB40B0}"
EndProject
Project("{9A19103F-16F7-4668-BE54-9A1E7A4F7556}") = "CButton", "CButton\Driver\CButton.csproj", "{DEA6A88D-5A2B-45CE-A430-598ECF1E445E}"
EndProject
Project("{9A19103F-16F7-4668-BE54-9A1E7A4F7556}") = "CButton_Sample", "CButton\Sample\CButton_Sample\CButton_Sample.csproj", "{DB85B42B-CC6E-4129-96C1-FDDCC3536DD2}"
EndProject
Project("{2150E333-8FDC-42A3-9474-1A3956D46DE8}") = "_External", "_External", "{CA8BDDA7-1C38-469D-9701-096872CD7E72}"
EndProject
Project("{9A19103F-16F7-4668-BE54-9A1E7A4F7556}") = "Meadow.F7", "..\..\Meadow.Core\source\Meadow.F7\Meadow.F7.csproj", "{80CADD3C-B110-45FC-ACA1-CDFAC24D42A2}"
EndProject
Project("{9A19103F-16F7-4668-BE54-9A1E7A4F7556}") = "Meadow.Foundation.Core", "..\..\Meadow.Foundation\Source\Meadow.Foundation.Core\Meadow.Foundation.Core.csproj", "{2285DB00-3EAD-4D0A-8829-325C9349C974}"
EndProject
Project("{9A19103F-16F7-4668-BE54-9A1E7A4F7556}") = "Graphics.MicroGraphics", "..\..\Meadow.Foundation\Source\Meadow.Foundation.Libraries_and_Frameworks\Graphics.MicroGraphics\Driver\Graphics.MicroGraphics.csproj", "{964BABDA-1FF0-40A8-9007-74AE60F69079}"
EndProject
Project("{9A19103F-16F7-4668-BE54-9A1E7A4F7556}") = "ICs.IOExpanders.Is31fl3731", "..\..\Meadow.Foundation\Source\Meadow.Foundation.Peripherals\ICs.IOExpanders.Is31fl3731\Driver\ICs.IOExpanders.Is31fl3731.csproj", "{FCE851FC-8D77-4EDB-B4F1-C1FA34C00833}"
EndProject
Project("{9A19103F-16F7-4668-BE54-9A1E7A4F7556}") = "Displays.Max7219", "..\..\Meadow.Foundation\Source\Meadow.Foundation.Peripherals\Displays.Max7219\Driver\Displays.Max7219.csproj", "{D54B1A5E-F66F-42E3-A735-E3EE25309491}"
EndProject
Project("{9A19103F-16F7-4668-BE54-9A1E7A4F7556}") = "Sensors.Hid.As5013", "..\..\Meadow.Foundation\Source\Meadow.Foundation.Peripherals\Sensors.Hid.As5013\Driver\Sensors.Hid.As5013.csproj", "{685A1261-40F6-4266-B09A-60AB20722C85}"
EndProject
Project("{9A19103F-16F7-4668-BE54-9A1E7A4F7556}") = "Sensors.Atmospheric.Sht4x", "..\..\Meadow.Foundation\Source\Meadow.Foundation.Peripherals\Sensors.Atmospheric.Sht4x\Driver\Sensors.Atmospheric.Sht4x.csproj", "{C26B7D6B-5766-4980-A848-57AE5B0FD526}"
EndProject
Project("{2150E333-8FDC-42A3-9474-1A3956D46DE8}") = "C8800Retro", "C8800Retro", "{E6434FCF-518A-4DBD-B0A9-8925531B197E}"
EndProject
Project("{2150E333-8FDC-42A3-9474-1A3956D46DE8}") = "Sample", "Sample", "{63BB747B-FF3D-4254-9C71-05181739DEA5}"
EndProject
Project("{9A19103F-16F7-4668-BE54-9A1E7A4F7556}") = "C8800Retro", "C8800Retro\Driver\C8800Retro.csproj", "{43BEE007-0FED-4477-806E-28F12C7DDC85}"
EndProject
Project("{9A19103F-16F7-4668-BE54-9A1E7A4F7556}") = "C8800Retro_Sample", "C8800Retro\Sample\C8800Retro_Sample\C8800Retro_Sample.csproj", "{D127DA01-C3B0-49CA-A964-CDEAFF7BFE5E}"
EndProject
Project("{9A19103F-16F7-4668-BE54-9A1E7A4F7556}") = "ICs.IOExpanders.As1115", "..\..\Meadow.Foundation\Source\Meadow.Foundation.Peripherals\ICs.IOExpanders.As1115\Driver\ICs.IOExpanders.As1115.csproj", "{8910659A-1D9B-4CF5-A9FF-08C212A33DA1}"
EndProject
Global
	GlobalSection(SolutionConfigurationPlatforms) = preSolution
		Debug|Any CPU = Debug|Any CPU
		Release|Any CPU = Release|Any CPU
	EndGlobalSection
	GlobalSection(ProjectConfigurationPlatforms) = postSolution
		{1BCF1BC3-0063-4AF6-B19A-11FAF6DD663E}.Debug|Any CPU.ActiveCfg = Debug|Any CPU
		{1BCF1BC3-0063-4AF6-B19A-11FAF6DD663E}.Debug|Any CPU.Build.0 = Debug|Any CPU
		{1BCF1BC3-0063-4AF6-B19A-11FAF6DD663E}.Debug|Any CPU.Deploy.0 = Debug|Any CPU
		{1BCF1BC3-0063-4AF6-B19A-11FAF6DD663E}.Release|Any CPU.ActiveCfg = Release|Any CPU
		{1BCF1BC3-0063-4AF6-B19A-11FAF6DD663E}.Release|Any CPU.Build.0 = Release|Any CPU
		{1BCF1BC3-0063-4AF6-B19A-11FAF6DD663E}.Release|Any CPU.Deploy.0 = Release|Any CPU
		{800A4E96-D57E-4C99-AFD7-EC483B8AD518}.Debug|Any CPU.ActiveCfg = Debug|Any CPU
		{800A4E96-D57E-4C99-AFD7-EC483B8AD518}.Debug|Any CPU.Build.0 = Debug|Any CPU
		{800A4E96-D57E-4C99-AFD7-EC483B8AD518}.Debug|Any CPU.Deploy.0 = Debug|Any CPU
		{800A4E96-D57E-4C99-AFD7-EC483B8AD518}.Release|Any CPU.ActiveCfg = Release|Any CPU
		{800A4E96-D57E-4C99-AFD7-EC483B8AD518}.Release|Any CPU.Build.0 = Release|Any CPU
		{800A4E96-D57E-4C99-AFD7-EC483B8AD518}.Release|Any CPU.Deploy.0 = Release|Any CPU
		{96194EEC-462D-4E45-8B76-2DF26A894D09}.Debug|Any CPU.ActiveCfg = Debug|Any CPU
		{96194EEC-462D-4E45-8B76-2DF26A894D09}.Debug|Any CPU.Build.0 = Debug|Any CPU
		{96194EEC-462D-4E45-8B76-2DF26A894D09}.Debug|Any CPU.Deploy.0 = Debug|Any CPU
		{96194EEC-462D-4E45-8B76-2DF26A894D09}.Release|Any CPU.ActiveCfg = Release|Any CPU
		{96194EEC-462D-4E45-8B76-2DF26A894D09}.Release|Any CPU.Build.0 = Release|Any CPU
		{96194EEC-462D-4E45-8B76-2DF26A894D09}.Release|Any CPU.Deploy.0 = Release|Any CPU
		{CCDCAAAB-0987-455F-BC5C-176FF3FBCA40}.Debug|Any CPU.ActiveCfg = Debug|Any CPU
		{CCDCAAAB-0987-455F-BC5C-176FF3FBCA40}.Debug|Any CPU.Build.0 = Debug|Any CPU
		{CCDCAAAB-0987-455F-BC5C-176FF3FBCA40}.Debug|Any CPU.Deploy.0 = Debug|Any CPU
		{CCDCAAAB-0987-455F-BC5C-176FF3FBCA40}.Release|Any CPU.ActiveCfg = Release|Any CPU
		{CCDCAAAB-0987-455F-BC5C-176FF3FBCA40}.Release|Any CPU.Build.0 = Release|Any CPU
		{CCDCAAAB-0987-455F-BC5C-176FF3FBCA40}.Release|Any CPU.Deploy.0 = Release|Any CPU
		{99224854-CFE6-4EB9-925A-EF5E931954C2}.Debug|Any CPU.ActiveCfg = Debug|Any CPU
		{99224854-CFE6-4EB9-925A-EF5E931954C2}.Debug|Any CPU.Build.0 = Debug|Any CPU
		{99224854-CFE6-4EB9-925A-EF5E931954C2}.Debug|Any CPU.Deploy.0 = Debug|Any CPU
		{99224854-CFE6-4EB9-925A-EF5E931954C2}.Release|Any CPU.ActiveCfg = Release|Any CPU
		{99224854-CFE6-4EB9-925A-EF5E931954C2}.Release|Any CPU.Build.0 = Release|Any CPU
		{99224854-CFE6-4EB9-925A-EF5E931954C2}.Release|Any CPU.Deploy.0 = Release|Any CPU
		{FBE16065-3C73-4BC8-B6AE-FD624D1F1B51}.Debug|Any CPU.ActiveCfg = Debug|Any CPU
		{FBE16065-3C73-4BC8-B6AE-FD624D1F1B51}.Debug|Any CPU.Build.0 = Debug|Any CPU
		{FBE16065-3C73-4BC8-B6AE-FD624D1F1B51}.Debug|Any CPU.Deploy.0 = Debug|Any CPU
		{FBE16065-3C73-4BC8-B6AE-FD624D1F1B51}.Release|Any CPU.ActiveCfg = Release|Any CPU
		{FBE16065-3C73-4BC8-B6AE-FD624D1F1B51}.Release|Any CPU.Build.0 = Release|Any CPU
		{FBE16065-3C73-4BC8-B6AE-FD624D1F1B51}.Release|Any CPU.Deploy.0 = Release|Any CPU
		{660DCD33-2095-4072-A487-96DA0201C946}.Debug|Any CPU.ActiveCfg = Debug|Any CPU
		{660DCD33-2095-4072-A487-96DA0201C946}.Debug|Any CPU.Build.0 = Debug|Any CPU
		{660DCD33-2095-4072-A487-96DA0201C946}.Debug|Any CPU.Deploy.0 = Debug|Any CPU
		{660DCD33-2095-4072-A487-96DA0201C946}.Release|Any CPU.ActiveCfg = Release|Any CPU
		{660DCD33-2095-4072-A487-96DA0201C946}.Release|Any CPU.Build.0 = Release|Any CPU
		{660DCD33-2095-4072-A487-96DA0201C946}.Release|Any CPU.Deploy.0 = Release|Any CPU
		{7065A24E-4A6D-4C59-ADEF-C5AC63FB40B0}.Debug|Any CPU.ActiveCfg = Debug|Any CPU
		{7065A24E-4A6D-4C59-ADEF-C5AC63FB40B0}.Debug|Any CPU.Build.0 = Debug|Any CPU
		{7065A24E-4A6D-4C59-ADEF-C5AC63FB40B0}.Debug|Any CPU.Deploy.0 = Debug|Any CPU
		{7065A24E-4A6D-4C59-ADEF-C5AC63FB40B0}.Release|Any CPU.ActiveCfg = Release|Any CPU
		{7065A24E-4A6D-4C59-ADEF-C5AC63FB40B0}.Release|Any CPU.Build.0 = Release|Any CPU
		{7065A24E-4A6D-4C59-ADEF-C5AC63FB40B0}.Release|Any CPU.Deploy.0 = Release|Any CPU
		{DEA6A88D-5A2B-45CE-A430-598ECF1E445E}.Debug|Any CPU.ActiveCfg = Debug|Any CPU
		{DEA6A88D-5A2B-45CE-A430-598ECF1E445E}.Debug|Any CPU.Build.0 = Debug|Any CPU
		{DEA6A88D-5A2B-45CE-A430-598ECF1E445E}.Debug|Any CPU.Deploy.0 = Debug|Any CPU
		{DEA6A88D-5A2B-45CE-A430-598ECF1E445E}.Release|Any CPU.ActiveCfg = Release|Any CPU
		{DEA6A88D-5A2B-45CE-A430-598ECF1E445E}.Release|Any CPU.Build.0 = Release|Any CPU
		{DEA6A88D-5A2B-45CE-A430-598ECF1E445E}.Release|Any CPU.Deploy.0 = Release|Any CPU
		{DB85B42B-CC6E-4129-96C1-FDDCC3536DD2}.Debug|Any CPU.ActiveCfg = Debug|Any CPU
		{DB85B42B-CC6E-4129-96C1-FDDCC3536DD2}.Debug|Any CPU.Build.0 = Debug|Any CPU
		{DB85B42B-CC6E-4129-96C1-FDDCC3536DD2}.Debug|Any CPU.Deploy.0 = Debug|Any CPU
		{DB85B42B-CC6E-4129-96C1-FDDCC3536DD2}.Release|Any CPU.ActiveCfg = Release|Any CPU
		{DB85B42B-CC6E-4129-96C1-FDDCC3536DD2}.Release|Any CPU.Build.0 = Release|Any CPU
		{DB85B42B-CC6E-4129-96C1-FDDCC3536DD2}.Release|Any CPU.Deploy.0 = Release|Any CPU
		{80CADD3C-B110-45FC-ACA1-CDFAC24D42A2}.Debug|Any CPU.ActiveCfg = Debug|Any CPU
		{80CADD3C-B110-45FC-ACA1-CDFAC24D42A2}.Debug|Any CPU.Build.0 = Debug|Any CPU
		{80CADD3C-B110-45FC-ACA1-CDFAC24D42A2}.Debug|Any CPU.Deploy.0 = Debug|Any CPU
		{80CADD3C-B110-45FC-ACA1-CDFAC24D42A2}.Release|Any CPU.ActiveCfg = Release|Any CPU
		{80CADD3C-B110-45FC-ACA1-CDFAC24D42A2}.Release|Any CPU.Build.0 = Release|Any CPU
		{80CADD3C-B110-45FC-ACA1-CDFAC24D42A2}.Release|Any CPU.Deploy.0 = Release|Any CPU
		{2285DB00-3EAD-4D0A-8829-325C9349C974}.Debug|Any CPU.ActiveCfg = Debug|Any CPU
		{2285DB00-3EAD-4D0A-8829-325C9349C974}.Debug|Any CPU.Build.0 = Debug|Any CPU
		{2285DB00-3EAD-4D0A-8829-325C9349C974}.Debug|Any CPU.Deploy.0 = Debug|Any CPU
		{2285DB00-3EAD-4D0A-8829-325C9349C974}.Release|Any CPU.ActiveCfg = Release|Any CPU
		{2285DB00-3EAD-4D0A-8829-325C9349C974}.Release|Any CPU.Build.0 = Release|Any CPU
		{2285DB00-3EAD-4D0A-8829-325C9349C974}.Release|Any CPU.Deploy.0 = Release|Any CPU
		{964BABDA-1FF0-40A8-9007-74AE60F69079}.Debug|Any CPU.ActiveCfg = Debug|Any CPU
		{964BABDA-1FF0-40A8-9007-74AE60F69079}.Debug|Any CPU.Build.0 = Debug|Any CPU
		{964BABDA-1FF0-40A8-9007-74AE60F69079}.Debug|Any CPU.Deploy.0 = Debug|Any CPU
		{964BABDA-1FF0-40A8-9007-74AE60F69079}.Release|Any CPU.ActiveCfg = Release|Any CPU
		{964BABDA-1FF0-40A8-9007-74AE60F69079}.Release|Any CPU.Build.0 = Release|Any CPU
		{964BABDA-1FF0-40A8-9007-74AE60F69079}.Release|Any CPU.Deploy.0 = Release|Any CPU
		{FCE851FC-8D77-4EDB-B4F1-C1FA34C00833}.Debug|Any CPU.ActiveCfg = Debug|Any CPU
		{FCE851FC-8D77-4EDB-B4F1-C1FA34C00833}.Debug|Any CPU.Build.0 = Debug|Any CPU
		{FCE851FC-8D77-4EDB-B4F1-C1FA34C00833}.Debug|Any CPU.Deploy.0 = Debug|Any CPU
		{FCE851FC-8D77-4EDB-B4F1-C1FA34C00833}.Release|Any CPU.ActiveCfg = Release|Any CPU
		{FCE851FC-8D77-4EDB-B4F1-C1FA34C00833}.Release|Any CPU.Build.0 = Release|Any CPU
		{FCE851FC-8D77-4EDB-B4F1-C1FA34C00833}.Release|Any CPU.Deploy.0 = Release|Any CPU
		{D54B1A5E-F66F-42E3-A735-E3EE25309491}.Debug|Any CPU.ActiveCfg = Debug|Any CPU
		{D54B1A5E-F66F-42E3-A735-E3EE25309491}.Debug|Any CPU.Build.0 = Debug|Any CPU
		{D54B1A5E-F66F-42E3-A735-E3EE25309491}.Debug|Any CPU.Deploy.0 = Debug|Any CPU
		{D54B1A5E-F66F-42E3-A735-E3EE25309491}.Release|Any CPU.ActiveCfg = Release|Any CPU
		{D54B1A5E-F66F-42E3-A735-E3EE25309491}.Release|Any CPU.Build.0 = Release|Any CPU
		{D54B1A5E-F66F-42E3-A735-E3EE25309491}.Release|Any CPU.Deploy.0 = Release|Any CPU
		{685A1261-40F6-4266-B09A-60AB20722C85}.Debug|Any CPU.ActiveCfg = Debug|Any CPU
		{685A1261-40F6-4266-B09A-60AB20722C85}.Debug|Any CPU.Build.0 = Debug|Any CPU
		{685A1261-40F6-4266-B09A-60AB20722C85}.Debug|Any CPU.Deploy.0 = Debug|Any CPU
		{685A1261-40F6-4266-B09A-60AB20722C85}.Release|Any CPU.ActiveCfg = Release|Any CPU
		{685A1261-40F6-4266-B09A-60AB20722C85}.Release|Any CPU.Build.0 = Release|Any CPU
		{685A1261-40F6-4266-B09A-60AB20722C85}.Release|Any CPU.Deploy.0 = Release|Any CPU
		{C26B7D6B-5766-4980-A848-57AE5B0FD526}.Debug|Any CPU.ActiveCfg = Debug|Any CPU
		{C26B7D6B-5766-4980-A848-57AE5B0FD526}.Debug|Any CPU.Build.0 = Debug|Any CPU
		{C26B7D6B-5766-4980-A848-57AE5B0FD526}.Debug|Any CPU.Deploy.0 = Debug|Any CPU
		{C26B7D6B-5766-4980-A848-57AE5B0FD526}.Release|Any CPU.ActiveCfg = Release|Any CPU
		{C26B7D6B-5766-4980-A848-57AE5B0FD526}.Release|Any CPU.Build.0 = Release|Any CPU
		{C26B7D6B-5766-4980-A848-57AE5B0FD526}.Release|Any CPU.Deploy.0 = Release|Any CPU
		{43BEE007-0FED-4477-806E-28F12C7DDC85}.Debug|Any CPU.ActiveCfg = Debug|Any CPU
		{43BEE007-0FED-4477-806E-28F12C7DDC85}.Debug|Any CPU.Build.0 = Debug|Any CPU
		{43BEE007-0FED-4477-806E-28F12C7DDC85}.Debug|Any CPU.Deploy.0 = Debug|Any CPU
		{43BEE007-0FED-4477-806E-28F12C7DDC85}.Release|Any CPU.ActiveCfg = Release|Any CPU
		{43BEE007-0FED-4477-806E-28F12C7DDC85}.Release|Any CPU.Build.0 = Release|Any CPU
		{43BEE007-0FED-4477-806E-28F12C7DDC85}.Release|Any CPU.Deploy.0 = Release|Any CPU
		{D127DA01-C3B0-49CA-A964-CDEAFF7BFE5E}.Debug|Any CPU.ActiveCfg = Debug|Any CPU
		{D127DA01-C3B0-49CA-A964-CDEAFF7BFE5E}.Debug|Any CPU.Build.0 = Debug|Any CPU
		{D127DA01-C3B0-49CA-A964-CDEAFF7BFE5E}.Debug|Any CPU.Deploy.0 = Debug|Any CPU
		{D127DA01-C3B0-49CA-A964-CDEAFF7BFE5E}.Release|Any CPU.ActiveCfg = Release|Any CPU
		{D127DA01-C3B0-49CA-A964-CDEAFF7BFE5E}.Release|Any CPU.Build.0 = Release|Any CPU
		{D127DA01-C3B0-49CA-A964-CDEAFF7BFE5E}.Release|Any CPU.Deploy.0 = Release|Any CPU
		{8910659A-1D9B-4CF5-A9FF-08C212A33DA1}.Debug|Any CPU.ActiveCfg = Debug|Any CPU
		{8910659A-1D9B-4CF5-A9FF-08C212A33DA1}.Debug|Any CPU.Build.0 = Debug|Any CPU
		{8910659A-1D9B-4CF5-A9FF-08C212A33DA1}.Debug|Any CPU.Deploy.0 = Debug|Any CPU
		{8910659A-1D9B-4CF5-A9FF-08C212A33DA1}.Release|Any CPU.ActiveCfg = Release|Any CPU
		{8910659A-1D9B-4CF5-A9FF-08C212A33DA1}.Release|Any CPU.Build.0 = Release|Any CPU
		{8910659A-1D9B-4CF5-A9FF-08C212A33DA1}.Release|Any CPU.Deploy.0 = Release|Any CPU
	EndGlobalSection
	GlobalSection(SolutionProperties) = preSolution
		HideSolutionNode = FALSE
	EndGlobalSection
	GlobalSection(NestedProjects) = preSolution
		{12EBAE4F-44EF-4073-99CB-DA025F8E7B84} = {D5923179-C908-4EC8-AEC8-C1A467871028}
		{2C34DE9C-6860-4963-BF83-013458FFFB40} = {7C2E1186-979B-408D-BA66-7224C048B8CB}
		{1BCF1BC3-0063-4AF6-B19A-11FAF6DD663E} = {718BB57D-3173-4122-B600-AF7082422A4A}
		{92324595-67BA-460E-A897-BD6B17BEE8A6} = {718BB57D-3173-4122-B600-AF7082422A4A}
		{800A4E96-D57E-4C99-AFD7-EC483B8AD518} = {92324595-67BA-460E-A897-BD6B17BEE8A6}
		{C771FB9E-D1C3-4B1B-A30B-D727F469C991} = {3FD20D90-7756-4A4B-A856-AC5D6EBD240C}
		{96194EEC-462D-4E45-8B76-2DF26A894D09} = {DEF32692-C0ED-4569-8AEB-045569AD635D}
		{812A3B27-11FC-4405-BF4D-D1F9AAD4D54E} = {DEF32692-C0ED-4569-8AEB-045569AD635D}
		{CCDCAAAB-0987-455F-BC5C-176FF3FBCA40} = {812A3B27-11FC-4405-BF4D-D1F9AAD4D54E}
		{99224854-CFE6-4EB9-925A-EF5E931954C2} = {3FD20D90-7756-4A4B-A856-AC5D6EBD240C}
		{FBE16065-3C73-4BC8-B6AE-FD624D1F1B51} = {C771FB9E-D1C3-4B1B-A30B-D727F469C991}
		{660DCD33-2095-4072-A487-96DA0201C946} = {D5923179-C908-4EC8-AEC8-C1A467871028}
		{7065A24E-4A6D-4C59-ADEF-C5AC63FB40B0} = {12EBAE4F-44EF-4073-99CB-DA025F8E7B84}
		{DEA6A88D-5A2B-45CE-A430-598ECF1E445E} = {7C2E1186-979B-408D-BA66-7224C048B8CB}
		{DB85B42B-CC6E-4129-96C1-FDDCC3536DD2} = {2C34DE9C-6860-4963-BF83-013458FFFB40}
		{80CADD3C-B110-45FC-ACA1-CDFAC24D42A2} = {CA8BDDA7-1C38-469D-9701-096872CD7E72}
		{2285DB00-3EAD-4D0A-8829-325C9349C974} = {CA8BDDA7-1C38-469D-9701-096872CD7E72}
		{964BABDA-1FF0-40A8-9007-74AE60F69079} = {CA8BDDA7-1C38-469D-9701-096872CD7E72}
		{FCE851FC-8D77-4EDB-B4F1-C1FA34C00833} = {CA8BDDA7-1C38-469D-9701-096872CD7E72}
		{D54B1A5E-F66F-42E3-A735-E3EE25309491} = {CA8BDDA7-1C38-469D-9701-096872CD7E72}
		{685A1261-40F6-4266-B09A-60AB20722C85} = {CA8BDDA7-1C38-469D-9701-096872CD7E72}
		{C26B7D6B-5766-4980-A848-57AE5B0FD526} = {CA8BDDA7-1C38-469D-9701-096872CD7E72}
		{63BB747B-FF3D-4254-9C71-05181739DEA5} = {E6434FCF-518A-4DBD-B0A9-8925531B197E}
		{43BEE007-0FED-4477-806E-28F12C7DDC85} = {E6434FCF-518A-4DBD-B0A9-8925531B197E}
		{D127DA01-C3B0-49CA-A964-CDEAFF7BFE5E} = {63BB747B-FF3D-4254-9C71-05181739DEA5}
		{8910659A-1D9B-4CF5-A9FF-08C212A33DA1} = {CA8BDDA7-1C38-469D-9701-096872CD7E72}
	EndGlobalSection
	GlobalSection(ExtensibilityGlobals) = postSolution
		SolutionGuid = {BF2FC8CE-57C6-468C-B82D-D8204E6D9360}
	EndGlobalSection
EndGlobal
