
Microsoft Visual Studio Solution File, Format Version 12.00
# Visual Studio Version 17
VisualStudioVersion = 17.0.32014.148
MinimumVisualStudioVersion = 10.0.40219.1
Project("{2150E333-8FDC-42A3-9474-1A3956D46DE8}") = "C16x9", "C16x9", "{D5923179-C908-4EC8-AEC8-C1A467871028}"
EndProject
Project("{2150E333-8FDC-42A3-9474-1A3956D46DE8}") = "Sample", "Sample", "{12EBAE4F-44EF-4073-99CB-DA025F8E7B84}"
EndProject
Project("{2150E333-8FDC-42A3-9474-1A3956D46DE8}") = "CButton", "CButton", "{7C2E1186-979B-408D-BA66-7224C048B8CB}"
EndProject
Project("{2150E333-8FDC-42A3-9474-1A3956D46DE8}") = "Sample", "Sample", "{2C34DE9C-6860-4963-BF83-013458FFFB40}"
EndProject
Project("{2150E333-8FDC-42A3-9474-1A3956D46DE8}") = "CJoystick", "CJoystick", "{718BB57D-3173-4122-B600-AF7082422A4A}"
EndProject
Project("{9A19103F-16F7-4668-BE54-9A1E7A4F7556}") = "CJoystick", "CJoystick\Driver\CJoystick.csproj", "{1BCF1BC3-0063-4AF6-B19A-11FAF6DD663E}"
EndProject
Project("{2150E333-8FDC-42A3-9474-1A3956D46DE8}") = "Sample", "Sample", "{92324595-67BA-460E-A897-BD6B17BEE8A6}"
EndProject
Project("{9A19103F-16F7-4668-BE54-9A1E7A4F7556}") = "CJoystick_Sample", "CJoystick\Sample\CJoystick_Sample\CJoystick_Sample.csproj", "{800A4E96-D57E-4C99-AFD7-EC483B8AD518}"
EndProject
Project("{2150E333-8FDC-42A3-9474-1A3956D46DE8}") = "C8x8", "C8x8", "{3FD20D90-7756-4A4B-A856-AC5D6EBD240C}"
EndProject
Project("{2150E333-8FDC-42A3-9474-1A3956D46DE8}") = "Sample", "Sample", "{C771FB9E-D1C3-4B1B-A30B-D727F469C991}"
EndProject
Project("{2150E333-8FDC-42A3-9474-1A3956D46DE8}") = "CTempHum15", "CTempHum15", "{DEF32692-C0ED-4569-8AEB-045569AD635D}"
EndProject
Project("{9A19103F-16F7-4668-BE54-9A1E7A4F7556}") = "CTempHum15", "CTempHum15\Driver\CTempHum15.csproj", "{96194EEC-462D-4E45-8B76-2DF26A894D09}"
EndProject
Project("{2150E333-8FDC-42A3-9474-1A3956D46DE8}") = "Sample", "Sample", "{812A3B27-11FC-4405-BF4D-D1F9AAD4D54E}"
EndProject
Project("{9A19103F-16F7-4668-BE54-9A1E7A4F7556}") = "CTempHum15_Sample", "CTempHum15\Sample\CTempHum15_Sample\CTempHum15_Sample.csproj", "{CCDCAAAB-0987-455F-BC5C-176FF3FBCA40}"
EndProject
Project("{9A19103F-16F7-4668-BE54-9A1E7A4F7556}") = "C8x8", "C8x8\Driver\C8x8.csproj", "{99224854-CFE6-4EB9-925A-EF5E931954C2}"
EndProject
Project("{9A19103F-16F7-4668-BE54-9A1E7A4F7556}") = "C8x8_Sample", "C8x8\Sample\C8x8_Sample\C8x8_Sample.csproj", "{FBE16065-3C73-4BC8-B6AE-FD624D1F1B51}"
EndProject
Project("{9A19103F-16F7-4668-BE54-9A1E7A4F7556}") = "C16x9", "C16x9\Driver\C16x9.csproj", "{660DCD33-2095-4072-A487-96DA0201C946}"
EndProject
Project("{9A19103F-16F7-4668-BE54-9A1E7A4F7556}") = "C16x9_Sample", "C16x9\Sample\C16x9_Sample\C16x9_Sample.csproj", "{7065A24E-4A6D-4C59-ADEF-C5AC63FB40B0}"
EndProject
Project("{9A19103F-16F7-4668-BE54-9A1E7A4F7556}") = "CButton", "CButton\Driver\CButton.csproj", "{DEA6A88D-5A2B-45CE-A430-598ECF1E445E}"
EndProject
Project("{9A19103F-16F7-4668-BE54-9A1E7A4F7556}") = "CButton_Sample", "CButton\Sample\CButton_Sample\CButton_Sample.csproj", "{DB85B42B-CC6E-4129-96C1-FDDCC3536DD2}"
EndProject
Project("{2150E333-8FDC-42A3-9474-1A3956D46DE8}") = "C8800Retro", "C8800Retro", "{E6434FCF-518A-4DBD-B0A9-8925531B197E}"
EndProject
Project("{2150E333-8FDC-42A3-9474-1A3956D46DE8}") = "Sample", "Sample", "{63BB747B-FF3D-4254-9C71-05181739DEA5}"
EndProject
Project("{9A19103F-16F7-4668-BE54-9A1E7A4F7556}") = "C8800Retro", "C8800Retro\Driver\C8800Retro.csproj", "{43BEE007-0FED-4477-806E-28F12C7DDC85}"
EndProject
Project("{9A19103F-16F7-4668-BE54-9A1E7A4F7556}") = "C8800Retro_Sample", "C8800Retro\Sample\C8800Retro_Sample\C8800Retro_Sample.csproj", "{D127DA01-C3B0-49CA-A964-CDEAFF7BFE5E}"
EndProject
Project("{2150E333-8FDC-42A3-9474-1A3956D46DE8}") = "_external", "_external", "{20E3A0B4-6103-4EAD-BD90-90C673E07DCC}"
EndProject
Project("{2150E333-8FDC-42A3-9474-1A3956D46DE8}") = "CGNSS10", "CGNSS10", "{93300EE3-6452-4C59-8C99-6AA6A4F50532}"
EndProject
Project("{9A19103F-16F7-4668-BE54-9A1E7A4F7556}") = "CGNSS10", "CGNSS10\Driver\CGNSS10.csproj", "{17ABCF6F-E972-4592-B70F-D15C17E1ADF7}"
EndProject
Project("{2150E333-8FDC-42A3-9474-1A3956D46DE8}") = "Sample", "Sample", "{5B29F4D6-2D4E-496A-A7CA-2303398FBCBB}"
EndProject
Project("{9A19103F-16F7-4668-BE54-9A1E7A4F7556}") = "CGNSS10_Sample", "CGNSS10\Sample\CGNSS10_Sample\CGNSS10_Sample.csproj", "{B3BF79A9-45C0-44B5-8B4D-FF71830C5D5B}"
EndProject
Project("{9A19103F-16F7-4668-BE54-9A1E7A4F7556}") = "Meadow.Contracts", "..\..\Meadow.Contracts\Source\Meadow.Contracts\Meadow.Contracts.csproj", "{D6348767-13E9-4DA8-B154-9B66D78BF264}"
EndProject
Project("{9A19103F-16F7-4668-BE54-9A1E7A4F7556}") = "Meadow.Core", "..\..\Meadow.Core\Source\Meadow.Core\Meadow.Core.csproj", "{B4A02377-4AA5-4F45-9938-59FDE7FC8D02}"
EndProject
Project("{9A19103F-16F7-4668-BE54-9A1E7A4F7556}") = "Meadow.F7", "..\..\Meadow.Core\Source\implementations\f7\Meadow.F7\Meadow.F7.csproj", "{6C6943AE-23AD-4206-887A-46B60720E936}"
EndProject
Project("{9A19103F-16F7-4668-BE54-9A1E7A4F7556}") = "Meadow.Foundation.Core", "..\..\Meadow.Foundation\Source\Meadow.Foundation.Core\Meadow.Foundation.Core.csproj", "{82CBBA06-7A53-47C0-8B81-4953830FC36F}"
EndProject
Project("{9A19103F-16F7-4668-BE54-9A1E7A4F7556}") = "Sensors.Gnss.NeoM8", "..\..\Meadow.Foundation\Source\Meadow.Foundation.Peripherals\Sensors.Gnss.NeoM8\Driver\Sensors.Gnss.NeoM8.csproj", "{D09B992A-C08A-48C4-A243-8B4394E8FA52}"
EndProject
Project("{9A19103F-16F7-4668-BE54-9A1E7A4F7556}") = "Graphics.MicroGraphics", "..\..\Meadow.Foundation\Source\Meadow.Foundation.Libraries_and_Frameworks\Graphics.MicroGraphics\Driver\Graphics.MicroGraphics.csproj", "{66B1D765-D44A-4101-AAFB-B1D0EA9B2EC8}"
EndProject
Project("{9A19103F-16F7-4668-BE54-9A1E7A4F7556}") = "ICs.IOExpanders.Is31fl3731", "..\..\Meadow.Foundation\Source\Meadow.Foundation.Peripherals\ICs.IOExpanders.Is31fl3731\Driver\ICs.IOExpanders.Is31fl3731.csproj", "{CFB83369-D534-4F7C-BA4D-8D061D9F41E5}"
EndProject
Project("{9A19103F-16F7-4668-BE54-9A1E7A4F7556}") = "ICs.IOExpanders.As1115", "..\..\Meadow.Foundation\Source\Meadow.Foundation.Peripherals\ICs.IOExpanders.As1115\Driver\ICs.IOExpanders.As1115.csproj", "{23A6D738-4FB5-48DA-95E8-DF589EB535E0}"
EndProject
Project("{9A19103F-16F7-4668-BE54-9A1E7A4F7556}") = "Sensors.Hid.As5013", "..\..\Meadow.Foundation\Source\Meadow.Foundation.Peripherals\Sensors.Hid.As5013\Driver\Sensors.Hid.As5013.csproj", "{A6675803-03EC-41E5-973F-12CD684FCA81}"
EndProject
Project("{9A19103F-16F7-4668-BE54-9A1E7A4F7556}") = "Sensors.Atmospheric.Sht4x", "..\..\Meadow.Foundation\Source\Meadow.Foundation.Peripherals\Sensors.Atmospheric.Sht4x\Driver\Sensors.Atmospheric.Sht4x.csproj", "{A5DAEA7F-86B7-4BE8-834D-248F5B0CEBE6}"
EndProject
Project("{9A19103F-16F7-4668-BE54-9A1E7A4F7556}") = "Displays.Max7219", "..\..\Meadow.Foundation\Source\Meadow.Foundation.Peripherals\Displays.Max7219\Driver\Displays.Max7219.csproj", "{0A92D618-C408-4A00-92E6-D36440D1E18D}"
EndProject
Project("{2150E333-8FDC-42A3-9474-1A3956D46DE8}") = "CGNSS5", "CGNSS5", "{12F537E2-13DC-4023-89E4-9E8515809604}"
EndProject
Project("{9A19103F-16F7-4668-BE54-9A1E7A4F7556}") = "CGNSS5", "CGNSS5\Driver\CGNSS5.csproj", "{EEDDAF1D-2E35-4A7A-8C94-9F6BCA9289FB}"
EndProject
Project("{2150E333-8FDC-42A3-9474-1A3956D46DE8}") = "Sample", "Sample", "{C259536A-75D7-4D8A-B4F5-8C0306A897DE}"
EndProject
Project("{9A19103F-16F7-4668-BE54-9A1E7A4F7556}") = "CGNSS5_Sample", "CGNSS5\Sample\CGNSS5_Sample\CGNSS5_Sample.csproj", "{1B9F8444-BAC8-423C-9D01-3D354FB8C083}"
EndProject
Project("{9A19103F-16F7-4668-BE54-9A1E7A4F7556}") = "ICs.ADC.Mcp3xxx", "..\..\Meadow.Foundation\Source\Meadow.Foundation.Peripherals\ICs.ADCs.Mcp3xxx\Driver\ICs.ADC.Mcp3xxx.csproj", "{0CEE7DD7-3882-4407-877B-F4479884B68F}"
EndProject
Project("{2150E333-8FDC-42A3-9474-1A3956D46DE8}") = "CACCurrent", "CACCurrent", "{5D715FF0-DD96-4846-AE9E-1659D20913FF}"
EndProject
Project("{2150E333-8FDC-42A3-9474-1A3956D46DE8}") = "CLEM", "CLEM", "{C5EF7E87-CB3A-4C43-A9BE-CBC790E2447B}"
EndProject
Project("{2150E333-8FDC-42A3-9474-1A3956D46DE8}") = "Sample", "Sample", "{612330E4-37C3-4EAA-B0E3-4E51B88FCD6D}"
EndProject
Project("{2150E333-8FDC-42A3-9474-1A3956D46DE8}") = "Sample", "Sample", "{8D2B9D45-FAEE-4062-BC09-9023C06C7A1D}"
EndProject
Project("{9A19103F-16F7-4668-BE54-9A1E7A4F7556}") = "CACCurrent", "CACCurrent\Driver\CACCurrent.csproj", "{C6503E2B-0A1F-4225-AAC3-5F75BDA57D52}"
EndProject
Project("{9A19103F-16F7-4668-BE54-9A1E7A4F7556}") = "CACCurrent_Sample", "CACCurrent\Sample\CACCurrent_Sample\CACCurrent_Sample.csproj", "{8927CDE8-A3EE-4972-97D6-424E1612C3A6}"
EndProject
Project("{9A19103F-16F7-4668-BE54-9A1E7A4F7556}") = "CLEM", "CLEM\Driver\CLEM.csproj", "{81F7EA9F-228D-459A-AE2A-29441BE37FB0}"
EndProject
Project("{9A19103F-16F7-4668-BE54-9A1E7A4F7556}") = "CLEM_Sample", "CLEM\Sample\CLEM_Sample\CLEM_Sample.csproj", "{F7490EE5-DBFE-460F-BB8D-50827F123506}"
EndProject
Project("{9A19103F-16F7-4668-BE54-9A1E7A4F7556}") = "Sensors.Power.CurrentTransducer", "..\..\Meadow.Foundation\Source\Meadow.Foundation.Peripherals\Sensors.Power.CurrentTransducer\Driver\Sensors.Power.CurrentTransducer.csproj", "{7C336B38-E632-4363-B087-FBFF2AF98E4F}"
EndProject
Project("{9A19103F-16F7-4668-BE54-9A1E7A4F7556}") = "Meadow.ProjectLab", "..\..\Meadow.ProjectLab\Source\Meadow.ProjectLab\Meadow.ProjectLab.csproj", "{3851FEF7-FCFF-47D9-930E-33360C0E41EF}"
EndProject
Project("{9A19103F-16F7-4668-BE54-9A1E7A4F7556}") = "C8x8_ProjectLab_Sample", "C8x8\Sample\C8x8_ProjectLab_Sample\C8x8_ProjectLab_Sample.csproj", "{6F47C405-0E1E-4F68-8BE6-C8A9C6F20B2E}"
EndProject
Project("{9A19103F-16F7-4668-BE54-9A1E7A4F7556}") = "C8800Retro_ProjectLab_Sample", "C8800Retro\Sample\C8800Retro_ProjectLab_Sample\C8800Retro_ProjectLab_Sample.csproj", "{14737468-C0FC-4CA4-8F36-8EA4AD85AA9F}"
EndProject
Project("{9A19103F-16F7-4668-BE54-9A1E7A4F7556}") = "CGNSS10_ProjectLab_Sample", "CGNSS10\Sample\CGNSS10_ProjectLab_Sample\CGNSS10_ProjectLab_Sample.csproj", "{1C6EC5BB-353A-478D-878C-06E2215D4AF6}"
EndProject
Project("{9A19103F-16F7-4668-BE54-9A1E7A4F7556}") = "CGNSS5_ProjectLab_Sample", "CGNSS5\Sample\CGNSS5_ProjectLab_Sample\CGNSS5_ProjectLab_Sample.csproj", "{8C7B4E9E-4235-4140-9253-6BEDAB93DC6A}"
EndProject
Project("{9A19103F-16F7-4668-BE54-9A1E7A4F7556}") = "Sensors.Location.Gnss.NmeaProcessor", "..\..\Meadow.Foundation\Source\Meadow.Foundation.Libraries_and_Frameworks\Sensors.Location.Gnss.NmeaProcessor\Driver\Sensors.Location.Gnss.NmeaProcessor.csproj", "{483E99AF-6C94-4320-BD8E-1B4B83A4E85B}"
EndProject
Project("{2150E333-8FDC-42A3-9474-1A3956D46DE8}") = "C420R", "C420R", "{9A8DF869-96F4-4C28-8D9D-44F6750D6DCF}"
EndProject
Project("{2150E333-8FDC-42A3-9474-1A3956D46DE8}") = "Sample", "Sample", "{2B1350AA-1F1E-44E2-8B72-2F0B837586C1}"
EndProject
Project("{9A19103F-16F7-4668-BE54-9A1E7A4F7556}") = "C420R", "C420R\Driver\C420R.csproj", "{CD417F70-49D2-4A58-B7AA-AB73E41D7877}"
EndProject
Project("{9A19103F-16F7-4668-BE54-9A1E7A4F7556}") = "C420R_Sample", "C420R\Sample\C420R_Sample\C420R_Sample.csproj", "{D7C1A325-1723-442C-B428-18E85EAD8A6A}"
EndProject
Project("{2150E333-8FDC-42A3-9474-1A3956D46DE8}") = "C420T", "C420T", "{38F55E5E-BD3D-420C-8332-E20BA972E159}"
EndProject
Project("{9A19103F-16F7-4668-BE54-9A1E7A4F7556}") = "C420T", "C420T\Driver\C420T.csproj", "{F003EB66-BA97-4053-AAA1-A31905C81A03}"
EndProject
Project("{2150E333-8FDC-42A3-9474-1A3956D46DE8}") = "Sample", "Sample", "{15E6012B-EB52-486E-8066-8D13AE4B80CE}"
EndProject
Project("{9A19103F-16F7-4668-BE54-9A1E7A4F7556}") = "C420T_Sample", "C420T\Sample\C420T_Sample\C420T_Sample.csproj", "{EA36A0CB-FE5A-4E75-9D5C-E5A4106259AF}"
EndProject
Project("{9A19103F-16F7-4668-BE54-9A1E7A4F7556}") = "ICs.DAC.Mcp492x", "..\..\Meadow.Foundation\Source\Meadow.Foundation.Peripherals\ICs.DAC.Mcp492x\Driver\ICs.DAC.Mcp492x.csproj", "{22E34C22-6742-4B44-9777-D3053AB1D39D}"
EndProject
Project("{9A19103F-16F7-4668-BE54-9A1E7A4F7556}") = "Meadow.Modbus", "..\..\Meadow.Modbus\src\Meadow.Modbus\Meadow.Modbus.csproj", "{6756D72D-1731-447C-A06D-D63D6FBFE8E5}"
EndProject
Project("{9A19103F-16F7-4668-BE54-9A1E7A4F7556}") = "Meadow.Units", "..\..\Meadow.Units\Source\Meadow.Units\Meadow.Units.csproj", "{32D18842-BC07-43AF-A36A-405090498CF9}"
EndProject
Project("{9A19103F-16F7-4668-BE54-9A1E7A4F7556}") = "Meadow.Logging", "..\..\Meadow.Logging\Source\Meadow.Logging\lib\Meadow.Logging.csproj", "{573A137E-1A70-45D4-99F3-3406295E746D}"
EndProject
Project("{9A19103F-16F7-4668-BE54-9A1E7A4F7556}") = "MQTTnet", "..\..\MQTTnet\Source\MQTTnet\MQTTnet.csproj", "{728808DA-FEAD-4DA0-A539-1E1023808341}"
EndProject
Project("{9A19103F-16F7-4668-BE54-9A1E7A4F7556}") = "Sensors.Motion.Bmi270", "..\..\Meadow.Foundation\Source\Meadow.Foundation.Peripherals\Sensors.Motion.Bmi270\Driver\Sensors.Motion.Bmi270.csproj", "{66A3F12F-B010-4FE3-BF45-961CAE59C317}"
EndProject
Project("{9A19103F-16F7-4668-BE54-9A1E7A4F7556}") = "Sensors.Atmospheric.Bme68x", "..\..\Meadow.Foundation\Source\Meadow.Foundation.Peripherals\Sensors.Atmospheric.Bme68x\Driver\Sensors.Atmospheric.Bme68x.csproj", "{EF980232-BADB-49B8-84FB-F5533C6B1FC7}"
EndProject
Project("{9A19103F-16F7-4668-BE54-9A1E7A4F7556}") = "ICs.IOExpanders.Mcp23xxx", "..\..\Meadow.Foundation\Source\Meadow.Foundation.Peripherals\ICs.IOExpanders.Mcp23xxx\Driver\ICs.IOExpanders.Mcp23xxx.csproj", "{2E9340D1-5CDC-4BE0-9223-CA29C46A8A45}"
EndProject
Project("{9A19103F-16F7-4668-BE54-9A1E7A4F7556}") = "Displays.TftSpi", "..\..\Meadow.Foundation\Source\Meadow.Foundation.Peripherals\Displays.TftSpi\Driver\Displays.TftSpi.csproj", "{AD3447AE-8430-475C-937B-625C3DDDB0EE}"
EndProject
Project("{9A19103F-16F7-4668-BE54-9A1E7A4F7556}") = "ICs.IOExpanders.Sc16is7x2", "..\..\Meadow.Foundation\Source\Meadow.Foundation.Peripherals\ICs.IOExpanders.Sc16is7x2\Driver\ICs.IOExpanders.Sc16is7x2.csproj", "{F3E61839-7F8D-46A2-B193-726AF510A18D}"
EndProject
Project("{9A19103F-16F7-4668-BE54-9A1E7A4F7556}") = "Sensors.Light.Bh1750", "..\..\Meadow.Foundation\Source\Meadow.Foundation.Peripherals\Sensors.Light.Bh1750\Driver\Sensors.Light.Bh1750.csproj", "{D1B4F0FE-41E4-4F85-A77E-0503D44559BA}"
EndProject
Project("{9A19103F-16F7-4668-BE54-9A1E7A4F7556}") = "Audio.MicroAudio", "..\..\Meadow.Foundation\Source\Meadow.Foundation.Libraries_and_Frameworks\Audio.MicroAudio\Driver\Audio.MicroAudio.csproj", "{4DAC5C07-DE64-44AC-A0DD-57B06D464A84}"
EndProject
Project("{2150E333-8FDC-42A3-9474-1A3956D46DE8}") = "CMBusMaster", "CMBusMaster", "{B86890B5-CB69-45AF-9C55-FEBD0E622E85}"
EndProject
Project("{9A19103F-16F7-4668-BE54-9A1E7A4F7556}") = "CMBusMaster", "CMBusMaster\Driver\CMBusMaster.csproj", "{1D20FDD0-1E04-4288-9011-D21378452536}"
EndProject
Project("{2150E333-8FDC-42A3-9474-1A3956D46DE8}") = "Sample", "Sample", "{0AA5196D-077C-4705-8675-2C810C133B89}"
EndProject
Project("{9A19103F-16F7-4668-BE54-9A1E7A4F7556}") = "CMBusMaster_ProjectLab_Sample", "CMBusMaster\Sample\CMBusMaster_ProjectLab_Sample\CMBusMaster_ProjectLab_Sample.csproj", "{2AA6BB72-E03C-41C3-A3E4-D61F5A3ADFD0}"
EndProject
Project("{2150E333-8FDC-42A3-9474-1A3956D46DE8}") = "CThermo13", "CThermo13", "{E600F207-5AED-494C-BACF-69A43A186700}"
EndProject
Project("{9A19103F-16F7-4668-BE54-9A1E7A4F7556}") = "CThermo13", "CThermo13\Driver\CThermo13.csproj", "{4BCCF0F5-CB4C-470F-9373-BCE351083FC2}"
EndProject
Project("{2150E333-8FDC-42A3-9474-1A3956D46DE8}") = "Sample", "Sample", "{1573A485-9CE0-4614-80C5-578B6202449B}"
EndProject
Project("{9A19103F-16F7-4668-BE54-9A1E7A4F7556}") = "Thermo13_Sample", "CThermo13\Sample\CThermo13_Sample\Thermo13_Sample.csproj", "{3FB7C5B7-7C1F-444A-80DA-A4771A0001DD}"
EndProject
Project("{FAE04EC0-301F-11D3-BF4B-00C04F79EFBC}") = "PadPulsM2", "..\..\Meadow.Foundation.MBus\Source\Devices\RelayMBus\PadPulsM2\Driver\PadPulsM2.csproj", "{4A5091FF-3695-41E5-ACFC-F3E9727F3590}"
EndProject
Project("{FAE04EC0-301F-11D3-BF4B-00C04F79EFBC}") = "Meadow.MBus", "..\..\Meadow.Foundation.MBus\Source\Driver\Meadow.MBus.csproj", "{9CB70566-505C-4FE0-B570-08161BC563AA}"
EndProject
Project("{FAE04EC0-301F-11D3-BF4B-00C04F79EFBC}") = "Sensors.Atmospheric.Bh1900Nux", "..\..\Meadow.Foundation\Source\Meadow.Foundation.Peripherals\Sensors.Atmospheric.Bh1900Nux\Driver\Sensors.Atmospheric.Bh1900Nux.csproj", "{D3BA5089-89A4-4D65-BADD-20A2E129AE49}"
EndProject
Global
	GlobalSection(SolutionConfigurationPlatforms) = preSolution
		Debug|Any CPU = Debug|Any CPU
		Release|Any CPU = Release|Any CPU
	EndGlobalSection
	GlobalSection(ProjectConfigurationPlatforms) = postSolution
		{1BCF1BC3-0063-4AF6-B19A-11FAF6DD663E}.Debug|Any CPU.ActiveCfg = Debug|Any CPU
		{1BCF1BC3-0063-4AF6-B19A-11FAF6DD663E}.Debug|Any CPU.Build.0 = Debug|Any CPU
		{1BCF1BC3-0063-4AF6-B19A-11FAF6DD663E}.Debug|Any CPU.Deploy.0 = Debug|Any CPU
		{1BCF1BC3-0063-4AF6-B19A-11FAF6DD663E}.Release|Any CPU.ActiveCfg = Release|Any CPU
		{1BCF1BC3-0063-4AF6-B19A-11FAF6DD663E}.Release|Any CPU.Build.0 = Release|Any CPU
		{1BCF1BC3-0063-4AF6-B19A-11FAF6DD663E}.Release|Any CPU.Deploy.0 = Release|Any CPU
		{800A4E96-D57E-4C99-AFD7-EC483B8AD518}.Debug|Any CPU.ActiveCfg = Debug|Any CPU
		{800A4E96-D57E-4C99-AFD7-EC483B8AD518}.Debug|Any CPU.Build.0 = Debug|Any CPU
		{800A4E96-D57E-4C99-AFD7-EC483B8AD518}.Debug|Any CPU.Deploy.0 = Debug|Any CPU
		{800A4E96-D57E-4C99-AFD7-EC483B8AD518}.Release|Any CPU.ActiveCfg = Release|Any CPU
		{800A4E96-D57E-4C99-AFD7-EC483B8AD518}.Release|Any CPU.Build.0 = Release|Any CPU
		{800A4E96-D57E-4C99-AFD7-EC483B8AD518}.Release|Any CPU.Deploy.0 = Release|Any CPU
		{96194EEC-462D-4E45-8B76-2DF26A894D09}.Debug|Any CPU.ActiveCfg = Debug|Any CPU
		{96194EEC-462D-4E45-8B76-2DF26A894D09}.Debug|Any CPU.Build.0 = Debug|Any CPU
		{96194EEC-462D-4E45-8B76-2DF26A894D09}.Debug|Any CPU.Deploy.0 = Debug|Any CPU
		{96194EEC-462D-4E45-8B76-2DF26A894D09}.Release|Any CPU.ActiveCfg = Release|Any CPU
		{96194EEC-462D-4E45-8B76-2DF26A894D09}.Release|Any CPU.Build.0 = Release|Any CPU
		{96194EEC-462D-4E45-8B76-2DF26A894D09}.Release|Any CPU.Deploy.0 = Release|Any CPU
		{CCDCAAAB-0987-455F-BC5C-176FF3FBCA40}.Debug|Any CPU.ActiveCfg = Debug|Any CPU
		{CCDCAAAB-0987-455F-BC5C-176FF3FBCA40}.Debug|Any CPU.Build.0 = Debug|Any CPU
		{CCDCAAAB-0987-455F-BC5C-176FF3FBCA40}.Debug|Any CPU.Deploy.0 = Debug|Any CPU
		{CCDCAAAB-0987-455F-BC5C-176FF3FBCA40}.Release|Any CPU.ActiveCfg = Release|Any CPU
		{CCDCAAAB-0987-455F-BC5C-176FF3FBCA40}.Release|Any CPU.Build.0 = Release|Any CPU
		{CCDCAAAB-0987-455F-BC5C-176FF3FBCA40}.Release|Any CPU.Deploy.0 = Release|Any CPU
		{99224854-CFE6-4EB9-925A-EF5E931954C2}.Debug|Any CPU.ActiveCfg = Debug|Any CPU
		{99224854-CFE6-4EB9-925A-EF5E931954C2}.Debug|Any CPU.Build.0 = Debug|Any CPU
		{99224854-CFE6-4EB9-925A-EF5E931954C2}.Debug|Any CPU.Deploy.0 = Debug|Any CPU
		{99224854-CFE6-4EB9-925A-EF5E931954C2}.Release|Any CPU.ActiveCfg = Release|Any CPU
		{99224854-CFE6-4EB9-925A-EF5E931954C2}.Release|Any CPU.Build.0 = Release|Any CPU
		{99224854-CFE6-4EB9-925A-EF5E931954C2}.Release|Any CPU.Deploy.0 = Release|Any CPU
		{FBE16065-3C73-4BC8-B6AE-FD624D1F1B51}.Debug|Any CPU.ActiveCfg = Debug|Any CPU
		{FBE16065-3C73-4BC8-B6AE-FD624D1F1B51}.Debug|Any CPU.Build.0 = Debug|Any CPU
		{FBE16065-3C73-4BC8-B6AE-FD624D1F1B51}.Debug|Any CPU.Deploy.0 = Debug|Any CPU
		{FBE16065-3C73-4BC8-B6AE-FD624D1F1B51}.Release|Any CPU.ActiveCfg = Release|Any CPU
		{FBE16065-3C73-4BC8-B6AE-FD624D1F1B51}.Release|Any CPU.Build.0 = Release|Any CPU
		{FBE16065-3C73-4BC8-B6AE-FD624D1F1B51}.Release|Any CPU.Deploy.0 = Release|Any CPU
		{660DCD33-2095-4072-A487-96DA0201C946}.Debug|Any CPU.ActiveCfg = Debug|Any CPU
		{660DCD33-2095-4072-A487-96DA0201C946}.Debug|Any CPU.Build.0 = Debug|Any CPU
		{660DCD33-2095-4072-A487-96DA0201C946}.Debug|Any CPU.Deploy.0 = Debug|Any CPU
		{660DCD33-2095-4072-A487-96DA0201C946}.Release|Any CPU.ActiveCfg = Release|Any CPU
		{660DCD33-2095-4072-A487-96DA0201C946}.Release|Any CPU.Build.0 = Release|Any CPU
		{660DCD33-2095-4072-A487-96DA0201C946}.Release|Any CPU.Deploy.0 = Release|Any CPU
		{7065A24E-4A6D-4C59-ADEF-C5AC63FB40B0}.Debug|Any CPU.ActiveCfg = Debug|Any CPU
		{7065A24E-4A6D-4C59-ADEF-C5AC63FB40B0}.Debug|Any CPU.Build.0 = Debug|Any CPU
		{7065A24E-4A6D-4C59-ADEF-C5AC63FB40B0}.Debug|Any CPU.Deploy.0 = Debug|Any CPU
		{7065A24E-4A6D-4C59-ADEF-C5AC63FB40B0}.Release|Any CPU.ActiveCfg = Release|Any CPU
		{7065A24E-4A6D-4C59-ADEF-C5AC63FB40B0}.Release|Any CPU.Build.0 = Release|Any CPU
		{7065A24E-4A6D-4C59-ADEF-C5AC63FB40B0}.Release|Any CPU.Deploy.0 = Release|Any CPU
		{DEA6A88D-5A2B-45CE-A430-598ECF1E445E}.Debug|Any CPU.ActiveCfg = Debug|Any CPU
		{DEA6A88D-5A2B-45CE-A430-598ECF1E445E}.Debug|Any CPU.Build.0 = Debug|Any CPU
		{DEA6A88D-5A2B-45CE-A430-598ECF1E445E}.Debug|Any CPU.Deploy.0 = Debug|Any CPU
		{DEA6A88D-5A2B-45CE-A430-598ECF1E445E}.Release|Any CPU.ActiveCfg = Release|Any CPU
		{DEA6A88D-5A2B-45CE-A430-598ECF1E445E}.Release|Any CPU.Build.0 = Release|Any CPU
		{DEA6A88D-5A2B-45CE-A430-598ECF1E445E}.Release|Any CPU.Deploy.0 = Release|Any CPU
		{DB85B42B-CC6E-4129-96C1-FDDCC3536DD2}.Debug|Any CPU.ActiveCfg = Debug|Any CPU
		{DB85B42B-CC6E-4129-96C1-FDDCC3536DD2}.Debug|Any CPU.Build.0 = Debug|Any CPU
		{DB85B42B-CC6E-4129-96C1-FDDCC3536DD2}.Debug|Any CPU.Deploy.0 = Debug|Any CPU
		{DB85B42B-CC6E-4129-96C1-FDDCC3536DD2}.Release|Any CPU.ActiveCfg = Release|Any CPU
		{DB85B42B-CC6E-4129-96C1-FDDCC3536DD2}.Release|Any CPU.Build.0 = Release|Any CPU
		{DB85B42B-CC6E-4129-96C1-FDDCC3536DD2}.Release|Any CPU.Deploy.0 = Release|Any CPU
		{43BEE007-0FED-4477-806E-28F12C7DDC85}.Debug|Any CPU.ActiveCfg = Debug|Any CPU
		{43BEE007-0FED-4477-806E-28F12C7DDC85}.Debug|Any CPU.Build.0 = Debug|Any CPU
		{43BEE007-0FED-4477-806E-28F12C7DDC85}.Debug|Any CPU.Deploy.0 = Debug|Any CPU
		{43BEE007-0FED-4477-806E-28F12C7DDC85}.Release|Any CPU.ActiveCfg = Release|Any CPU
		{43BEE007-0FED-4477-806E-28F12C7DDC85}.Release|Any CPU.Build.0 = Release|Any CPU
		{43BEE007-0FED-4477-806E-28F12C7DDC85}.Release|Any CPU.Deploy.0 = Release|Any CPU
		{D127DA01-C3B0-49CA-A964-CDEAFF7BFE5E}.Debug|Any CPU.ActiveCfg = Debug|Any CPU
		{D127DA01-C3B0-49CA-A964-CDEAFF7BFE5E}.Debug|Any CPU.Build.0 = Debug|Any CPU
		{D127DA01-C3B0-49CA-A964-CDEAFF7BFE5E}.Debug|Any CPU.Deploy.0 = Debug|Any CPU
		{D127DA01-C3B0-49CA-A964-CDEAFF7BFE5E}.Release|Any CPU.ActiveCfg = Release|Any CPU
		{D127DA01-C3B0-49CA-A964-CDEAFF7BFE5E}.Release|Any CPU.Build.0 = Release|Any CPU
		{D127DA01-C3B0-49CA-A964-CDEAFF7BFE5E}.Release|Any CPU.Deploy.0 = Release|Any CPU
		{17ABCF6F-E972-4592-B70F-D15C17E1ADF7}.Debug|Any CPU.ActiveCfg = Debug|Any CPU
		{17ABCF6F-E972-4592-B70F-D15C17E1ADF7}.Debug|Any CPU.Build.0 = Debug|Any CPU
		{17ABCF6F-E972-4592-B70F-D15C17E1ADF7}.Debug|Any CPU.Deploy.0 = Debug|Any CPU
		{17ABCF6F-E972-4592-B70F-D15C17E1ADF7}.Release|Any CPU.ActiveCfg = Release|Any CPU
		{17ABCF6F-E972-4592-B70F-D15C17E1ADF7}.Release|Any CPU.Build.0 = Release|Any CPU
		{17ABCF6F-E972-4592-B70F-D15C17E1ADF7}.Release|Any CPU.Deploy.0 = Release|Any CPU
		{B3BF79A9-45C0-44B5-8B4D-FF71830C5D5B}.Debug|Any CPU.ActiveCfg = Debug|Any CPU
		{B3BF79A9-45C0-44B5-8B4D-FF71830C5D5B}.Debug|Any CPU.Build.0 = Debug|Any CPU
		{B3BF79A9-45C0-44B5-8B4D-FF71830C5D5B}.Debug|Any CPU.Deploy.0 = Debug|Any CPU
		{B3BF79A9-45C0-44B5-8B4D-FF71830C5D5B}.Release|Any CPU.ActiveCfg = Release|Any CPU
		{B3BF79A9-45C0-44B5-8B4D-FF71830C5D5B}.Release|Any CPU.Build.0 = Release|Any CPU
		{B3BF79A9-45C0-44B5-8B4D-FF71830C5D5B}.Release|Any CPU.Deploy.0 = Release|Any CPU
		{D6348767-13E9-4DA8-B154-9B66D78BF264}.Debug|Any CPU.ActiveCfg = Debug|Any CPU
		{D6348767-13E9-4DA8-B154-9B66D78BF264}.Debug|Any CPU.Build.0 = Debug|Any CPU
		{D6348767-13E9-4DA8-B154-9B66D78BF264}.Debug|Any CPU.Deploy.0 = Debug|Any CPU
		{D6348767-13E9-4DA8-B154-9B66D78BF264}.Release|Any CPU.ActiveCfg = Release|Any CPU
		{D6348767-13E9-4DA8-B154-9B66D78BF264}.Release|Any CPU.Build.0 = Release|Any CPU
		{D6348767-13E9-4DA8-B154-9B66D78BF264}.Release|Any CPU.Deploy.0 = Release|Any CPU
		{B4A02377-4AA5-4F45-9938-59FDE7FC8D02}.Debug|Any CPU.ActiveCfg = Debug|Any CPU
		{B4A02377-4AA5-4F45-9938-59FDE7FC8D02}.Debug|Any CPU.Build.0 = Debug|Any CPU
		{B4A02377-4AA5-4F45-9938-59FDE7FC8D02}.Debug|Any CPU.Deploy.0 = Debug|Any CPU
		{B4A02377-4AA5-4F45-9938-59FDE7FC8D02}.Release|Any CPU.ActiveCfg = Release|Any CPU
		{B4A02377-4AA5-4F45-9938-59FDE7FC8D02}.Release|Any CPU.Build.0 = Release|Any CPU
		{B4A02377-4AA5-4F45-9938-59FDE7FC8D02}.Release|Any CPU.Deploy.0 = Release|Any CPU
		{6C6943AE-23AD-4206-887A-46B60720E936}.Debug|Any CPU.ActiveCfg = Debug|Any CPU
		{6C6943AE-23AD-4206-887A-46B60720E936}.Debug|Any CPU.Build.0 = Debug|Any CPU
		{6C6943AE-23AD-4206-887A-46B60720E936}.Debug|Any CPU.Deploy.0 = Debug|Any CPU
		{6C6943AE-23AD-4206-887A-46B60720E936}.Release|Any CPU.ActiveCfg = Release|Any CPU
		{6C6943AE-23AD-4206-887A-46B60720E936}.Release|Any CPU.Build.0 = Release|Any CPU
		{6C6943AE-23AD-4206-887A-46B60720E936}.Release|Any CPU.Deploy.0 = Release|Any CPU
		{82CBBA06-7A53-47C0-8B81-4953830FC36F}.Debug|Any CPU.ActiveCfg = Debug|Any CPU
		{82CBBA06-7A53-47C0-8B81-4953830FC36F}.Debug|Any CPU.Build.0 = Debug|Any CPU
		{82CBBA06-7A53-47C0-8B81-4953830FC36F}.Debug|Any CPU.Deploy.0 = Debug|Any CPU
		{82CBBA06-7A53-47C0-8B81-4953830FC36F}.Release|Any CPU.ActiveCfg = Release|Any CPU
		{82CBBA06-7A53-47C0-8B81-4953830FC36F}.Release|Any CPU.Build.0 = Release|Any CPU
		{82CBBA06-7A53-47C0-8B81-4953830FC36F}.Release|Any CPU.Deploy.0 = Release|Any CPU
		{D09B992A-C08A-48C4-A243-8B4394E8FA52}.Debug|Any CPU.ActiveCfg = Debug|Any CPU
		{D09B992A-C08A-48C4-A243-8B4394E8FA52}.Debug|Any CPU.Build.0 = Debug|Any CPU
		{D09B992A-C08A-48C4-A243-8B4394E8FA52}.Debug|Any CPU.Deploy.0 = Debug|Any CPU
		{D09B992A-C08A-48C4-A243-8B4394E8FA52}.Release|Any CPU.ActiveCfg = Release|Any CPU
		{D09B992A-C08A-48C4-A243-8B4394E8FA52}.Release|Any CPU.Build.0 = Release|Any CPU
		{D09B992A-C08A-48C4-A243-8B4394E8FA52}.Release|Any CPU.Deploy.0 = Release|Any CPU
		{66B1D765-D44A-4101-AAFB-B1D0EA9B2EC8}.Debug|Any CPU.ActiveCfg = Debug|Any CPU
		{66B1D765-D44A-4101-AAFB-B1D0EA9B2EC8}.Debug|Any CPU.Build.0 = Debug|Any CPU
		{66B1D765-D44A-4101-AAFB-B1D0EA9B2EC8}.Debug|Any CPU.Deploy.0 = Debug|Any CPU
		{66B1D765-D44A-4101-AAFB-B1D0EA9B2EC8}.Release|Any CPU.ActiveCfg = Release|Any CPU
		{66B1D765-D44A-4101-AAFB-B1D0EA9B2EC8}.Release|Any CPU.Build.0 = Release|Any CPU
		{66B1D765-D44A-4101-AAFB-B1D0EA9B2EC8}.Release|Any CPU.Deploy.0 = Release|Any CPU
		{CFB83369-D534-4F7C-BA4D-8D061D9F41E5}.Debug|Any CPU.ActiveCfg = Debug|Any CPU
		{CFB83369-D534-4F7C-BA4D-8D061D9F41E5}.Debug|Any CPU.Build.0 = Debug|Any CPU
		{CFB83369-D534-4F7C-BA4D-8D061D9F41E5}.Debug|Any CPU.Deploy.0 = Debug|Any CPU
		{CFB83369-D534-4F7C-BA4D-8D061D9F41E5}.Release|Any CPU.ActiveCfg = Release|Any CPU
		{CFB83369-D534-4F7C-BA4D-8D061D9F41E5}.Release|Any CPU.Build.0 = Release|Any CPU
		{CFB83369-D534-4F7C-BA4D-8D061D9F41E5}.Release|Any CPU.Deploy.0 = Release|Any CPU
		{23A6D738-4FB5-48DA-95E8-DF589EB535E0}.Debug|Any CPU.ActiveCfg = Debug|Any CPU
		{23A6D738-4FB5-48DA-95E8-DF589EB535E0}.Debug|Any CPU.Build.0 = Debug|Any CPU
		{23A6D738-4FB5-48DA-95E8-DF589EB535E0}.Debug|Any CPU.Deploy.0 = Debug|Any CPU
		{23A6D738-4FB5-48DA-95E8-DF589EB535E0}.Release|Any CPU.ActiveCfg = Release|Any CPU
		{23A6D738-4FB5-48DA-95E8-DF589EB535E0}.Release|Any CPU.Build.0 = Release|Any CPU
		{23A6D738-4FB5-48DA-95E8-DF589EB535E0}.Release|Any CPU.Deploy.0 = Release|Any CPU
		{A6675803-03EC-41E5-973F-12CD684FCA81}.Debug|Any CPU.ActiveCfg = Debug|Any CPU
		{A6675803-03EC-41E5-973F-12CD684FCA81}.Debug|Any CPU.Build.0 = Debug|Any CPU
		{A6675803-03EC-41E5-973F-12CD684FCA81}.Debug|Any CPU.Deploy.0 = Debug|Any CPU
		{A6675803-03EC-41E5-973F-12CD684FCA81}.Release|Any CPU.ActiveCfg = Release|Any CPU
		{A6675803-03EC-41E5-973F-12CD684FCA81}.Release|Any CPU.Build.0 = Release|Any CPU
		{A6675803-03EC-41E5-973F-12CD684FCA81}.Release|Any CPU.Deploy.0 = Release|Any CPU
		{A5DAEA7F-86B7-4BE8-834D-248F5B0CEBE6}.Debug|Any CPU.ActiveCfg = Debug|Any CPU
		{A5DAEA7F-86B7-4BE8-834D-248F5B0CEBE6}.Debug|Any CPU.Build.0 = Debug|Any CPU
		{A5DAEA7F-86B7-4BE8-834D-248F5B0CEBE6}.Debug|Any CPU.Deploy.0 = Debug|Any CPU
		{A5DAEA7F-86B7-4BE8-834D-248F5B0CEBE6}.Release|Any CPU.ActiveCfg = Release|Any CPU
		{A5DAEA7F-86B7-4BE8-834D-248F5B0CEBE6}.Release|Any CPU.Build.0 = Release|Any CPU
		{A5DAEA7F-86B7-4BE8-834D-248F5B0CEBE6}.Release|Any CPU.Deploy.0 = Release|Any CPU
		{0A92D618-C408-4A00-92E6-D36440D1E18D}.Debug|Any CPU.ActiveCfg = Debug|Any CPU
		{0A92D618-C408-4A00-92E6-D36440D1E18D}.Debug|Any CPU.Build.0 = Debug|Any CPU
		{0A92D618-C408-4A00-92E6-D36440D1E18D}.Debug|Any CPU.Deploy.0 = Debug|Any CPU
		{0A92D618-C408-4A00-92E6-D36440D1E18D}.Release|Any CPU.ActiveCfg = Release|Any CPU
		{0A92D618-C408-4A00-92E6-D36440D1E18D}.Release|Any CPU.Build.0 = Release|Any CPU
		{0A92D618-C408-4A00-92E6-D36440D1E18D}.Release|Any CPU.Deploy.0 = Release|Any CPU
		{EEDDAF1D-2E35-4A7A-8C94-9F6BCA9289FB}.Debug|Any CPU.ActiveCfg = Debug|Any CPU
		{EEDDAF1D-2E35-4A7A-8C94-9F6BCA9289FB}.Debug|Any CPU.Build.0 = Debug|Any CPU
		{EEDDAF1D-2E35-4A7A-8C94-9F6BCA9289FB}.Debug|Any CPU.Deploy.0 = Debug|Any CPU
		{EEDDAF1D-2E35-4A7A-8C94-9F6BCA9289FB}.Release|Any CPU.ActiveCfg = Release|Any CPU
		{EEDDAF1D-2E35-4A7A-8C94-9F6BCA9289FB}.Release|Any CPU.Build.0 = Release|Any CPU
		{EEDDAF1D-2E35-4A7A-8C94-9F6BCA9289FB}.Release|Any CPU.Deploy.0 = Release|Any CPU
		{1B9F8444-BAC8-423C-9D01-3D354FB8C083}.Debug|Any CPU.ActiveCfg = Debug|Any CPU
		{1B9F8444-BAC8-423C-9D01-3D354FB8C083}.Debug|Any CPU.Build.0 = Debug|Any CPU
		{1B9F8444-BAC8-423C-9D01-3D354FB8C083}.Debug|Any CPU.Deploy.0 = Debug|Any CPU
		{1B9F8444-BAC8-423C-9D01-3D354FB8C083}.Release|Any CPU.ActiveCfg = Release|Any CPU
		{1B9F8444-BAC8-423C-9D01-3D354FB8C083}.Release|Any CPU.Build.0 = Release|Any CPU
		{1B9F8444-BAC8-423C-9D01-3D354FB8C083}.Release|Any CPU.Deploy.0 = Release|Any CPU
		{0CEE7DD7-3882-4407-877B-F4479884B68F}.Debug|Any CPU.ActiveCfg = Debug|Any CPU
		{0CEE7DD7-3882-4407-877B-F4479884B68F}.Debug|Any CPU.Build.0 = Debug|Any CPU
		{0CEE7DD7-3882-4407-877B-F4479884B68F}.Debug|Any CPU.Deploy.0 = Debug|Any CPU
		{0CEE7DD7-3882-4407-877B-F4479884B68F}.Release|Any CPU.ActiveCfg = Release|Any CPU
		{0CEE7DD7-3882-4407-877B-F4479884B68F}.Release|Any CPU.Build.0 = Release|Any CPU
		{0CEE7DD7-3882-4407-877B-F4479884B68F}.Release|Any CPU.Deploy.0 = Release|Any CPU
		{C6503E2B-0A1F-4225-AAC3-5F75BDA57D52}.Debug|Any CPU.ActiveCfg = Debug|Any CPU
		{C6503E2B-0A1F-4225-AAC3-5F75BDA57D52}.Debug|Any CPU.Build.0 = Debug|Any CPU
		{C6503E2B-0A1F-4225-AAC3-5F75BDA57D52}.Debug|Any CPU.Deploy.0 = Debug|Any CPU
		{C6503E2B-0A1F-4225-AAC3-5F75BDA57D52}.Release|Any CPU.ActiveCfg = Release|Any CPU
		{C6503E2B-0A1F-4225-AAC3-5F75BDA57D52}.Release|Any CPU.Build.0 = Release|Any CPU
		{C6503E2B-0A1F-4225-AAC3-5F75BDA57D52}.Release|Any CPU.Deploy.0 = Release|Any CPU
		{8927CDE8-A3EE-4972-97D6-424E1612C3A6}.Debug|Any CPU.ActiveCfg = Debug|Any CPU
		{8927CDE8-A3EE-4972-97D6-424E1612C3A6}.Debug|Any CPU.Build.0 = Debug|Any CPU
		{8927CDE8-A3EE-4972-97D6-424E1612C3A6}.Debug|Any CPU.Deploy.0 = Debug|Any CPU
		{8927CDE8-A3EE-4972-97D6-424E1612C3A6}.Release|Any CPU.ActiveCfg = Release|Any CPU
		{8927CDE8-A3EE-4972-97D6-424E1612C3A6}.Release|Any CPU.Build.0 = Release|Any CPU
		{8927CDE8-A3EE-4972-97D6-424E1612C3A6}.Release|Any CPU.Deploy.0 = Release|Any CPU
		{81F7EA9F-228D-459A-AE2A-29441BE37FB0}.Debug|Any CPU.ActiveCfg = Debug|Any CPU
		{81F7EA9F-228D-459A-AE2A-29441BE37FB0}.Debug|Any CPU.Build.0 = Debug|Any CPU
		{81F7EA9F-228D-459A-AE2A-29441BE37FB0}.Debug|Any CPU.Deploy.0 = Debug|Any CPU
		{81F7EA9F-228D-459A-AE2A-29441BE37FB0}.Release|Any CPU.ActiveCfg = Release|Any CPU
		{81F7EA9F-228D-459A-AE2A-29441BE37FB0}.Release|Any CPU.Build.0 = Release|Any CPU
		{81F7EA9F-228D-459A-AE2A-29441BE37FB0}.Release|Any CPU.Deploy.0 = Release|Any CPU
		{F7490EE5-DBFE-460F-BB8D-50827F123506}.Debug|Any CPU.ActiveCfg = Debug|Any CPU
		{F7490EE5-DBFE-460F-BB8D-50827F123506}.Debug|Any CPU.Build.0 = Debug|Any CPU
		{F7490EE5-DBFE-460F-BB8D-50827F123506}.Debug|Any CPU.Deploy.0 = Debug|Any CPU
		{F7490EE5-DBFE-460F-BB8D-50827F123506}.Release|Any CPU.ActiveCfg = Release|Any CPU
		{F7490EE5-DBFE-460F-BB8D-50827F123506}.Release|Any CPU.Build.0 = Release|Any CPU
		{F7490EE5-DBFE-460F-BB8D-50827F123506}.Release|Any CPU.Deploy.0 = Release|Any CPU
		{7C336B38-E632-4363-B087-FBFF2AF98E4F}.Debug|Any CPU.ActiveCfg = Debug|Any CPU
		{7C336B38-E632-4363-B087-FBFF2AF98E4F}.Debug|Any CPU.Build.0 = Debug|Any CPU
		{7C336B38-E632-4363-B087-FBFF2AF98E4F}.Debug|Any CPU.Deploy.0 = Debug|Any CPU
		{7C336B38-E632-4363-B087-FBFF2AF98E4F}.Release|Any CPU.ActiveCfg = Release|Any CPU
		{7C336B38-E632-4363-B087-FBFF2AF98E4F}.Release|Any CPU.Build.0 = Release|Any CPU
		{7C336B38-E632-4363-B087-FBFF2AF98E4F}.Release|Any CPU.Deploy.0 = Release|Any CPU
		{3851FEF7-FCFF-47D9-930E-33360C0E41EF}.Debug|Any CPU.ActiveCfg = Debug|Any CPU
		{3851FEF7-FCFF-47D9-930E-33360C0E41EF}.Debug|Any CPU.Build.0 = Debug|Any CPU
		{3851FEF7-FCFF-47D9-930E-33360C0E41EF}.Debug|Any CPU.Deploy.0 = Debug|Any CPU
		{3851FEF7-FCFF-47D9-930E-33360C0E41EF}.Release|Any CPU.ActiveCfg = Release|Any CPU
		{3851FEF7-FCFF-47D9-930E-33360C0E41EF}.Release|Any CPU.Build.0 = Release|Any CPU
		{3851FEF7-FCFF-47D9-930E-33360C0E41EF}.Release|Any CPU.Deploy.0 = Release|Any CPU
		{6F47C405-0E1E-4F68-8BE6-C8A9C6F20B2E}.Debug|Any CPU.ActiveCfg = Debug|Any CPU
		{6F47C405-0E1E-4F68-8BE6-C8A9C6F20B2E}.Debug|Any CPU.Build.0 = Debug|Any CPU
		{6F47C405-0E1E-4F68-8BE6-C8A9C6F20B2E}.Debug|Any CPU.Deploy.0 = Debug|Any CPU
		{6F47C405-0E1E-4F68-8BE6-C8A9C6F20B2E}.Release|Any CPU.ActiveCfg = Release|Any CPU
		{6F47C405-0E1E-4F68-8BE6-C8A9C6F20B2E}.Release|Any CPU.Build.0 = Release|Any CPU
		{6F47C405-0E1E-4F68-8BE6-C8A9C6F20B2E}.Release|Any CPU.Deploy.0 = Release|Any CPU
		{14737468-C0FC-4CA4-8F36-8EA4AD85AA9F}.Debug|Any CPU.ActiveCfg = Debug|Any CPU
		{14737468-C0FC-4CA4-8F36-8EA4AD85AA9F}.Debug|Any CPU.Build.0 = Debug|Any CPU
		{14737468-C0FC-4CA4-8F36-8EA4AD85AA9F}.Debug|Any CPU.Deploy.0 = Debug|Any CPU
		{14737468-C0FC-4CA4-8F36-8EA4AD85AA9F}.Release|Any CPU.ActiveCfg = Release|Any CPU
		{14737468-C0FC-4CA4-8F36-8EA4AD85AA9F}.Release|Any CPU.Build.0 = Release|Any CPU
		{14737468-C0FC-4CA4-8F36-8EA4AD85AA9F}.Release|Any CPU.Deploy.0 = Release|Any CPU
		{1C6EC5BB-353A-478D-878C-06E2215D4AF6}.Debug|Any CPU.ActiveCfg = Debug|Any CPU
		{1C6EC5BB-353A-478D-878C-06E2215D4AF6}.Debug|Any CPU.Build.0 = Debug|Any CPU
		{1C6EC5BB-353A-478D-878C-06E2215D4AF6}.Debug|Any CPU.Deploy.0 = Debug|Any CPU
		{1C6EC5BB-353A-478D-878C-06E2215D4AF6}.Release|Any CPU.ActiveCfg = Release|Any CPU
		{1C6EC5BB-353A-478D-878C-06E2215D4AF6}.Release|Any CPU.Build.0 = Release|Any CPU
		{1C6EC5BB-353A-478D-878C-06E2215D4AF6}.Release|Any CPU.Deploy.0 = Release|Any CPU
		{8C7B4E9E-4235-4140-9253-6BEDAB93DC6A}.Debug|Any CPU.ActiveCfg = Debug|Any CPU
		{8C7B4E9E-4235-4140-9253-6BEDAB93DC6A}.Debug|Any CPU.Build.0 = Debug|Any CPU
		{8C7B4E9E-4235-4140-9253-6BEDAB93DC6A}.Debug|Any CPU.Deploy.0 = Debug|Any CPU
		{8C7B4E9E-4235-4140-9253-6BEDAB93DC6A}.Release|Any CPU.ActiveCfg = Release|Any CPU
		{8C7B4E9E-4235-4140-9253-6BEDAB93DC6A}.Release|Any CPU.Build.0 = Release|Any CPU
		{8C7B4E9E-4235-4140-9253-6BEDAB93DC6A}.Release|Any CPU.Deploy.0 = Release|Any CPU
		{483E99AF-6C94-4320-BD8E-1B4B83A4E85B}.Debug|Any CPU.ActiveCfg = Debug|Any CPU
		{483E99AF-6C94-4320-BD8E-1B4B83A4E85B}.Debug|Any CPU.Build.0 = Debug|Any CPU
		{483E99AF-6C94-4320-BD8E-1B4B83A4E85B}.Debug|Any CPU.Deploy.0 = Debug|Any CPU
		{483E99AF-6C94-4320-BD8E-1B4B83A4E85B}.Release|Any CPU.ActiveCfg = Release|Any CPU
		{483E99AF-6C94-4320-BD8E-1B4B83A4E85B}.Release|Any CPU.Build.0 = Release|Any CPU
		{483E99AF-6C94-4320-BD8E-1B4B83A4E85B}.Release|Any CPU.Deploy.0 = Release|Any CPU
		{CD417F70-49D2-4A58-B7AA-AB73E41D7877}.Debug|Any CPU.ActiveCfg = Debug|Any CPU
		{CD417F70-49D2-4A58-B7AA-AB73E41D7877}.Debug|Any CPU.Build.0 = Debug|Any CPU
		{CD417F70-49D2-4A58-B7AA-AB73E41D7877}.Debug|Any CPU.Deploy.0 = Debug|Any CPU
		{CD417F70-49D2-4A58-B7AA-AB73E41D7877}.Release|Any CPU.ActiveCfg = Release|Any CPU
		{CD417F70-49D2-4A58-B7AA-AB73E41D7877}.Release|Any CPU.Build.0 = Release|Any CPU
		{CD417F70-49D2-4A58-B7AA-AB73E41D7877}.Release|Any CPU.Deploy.0 = Release|Any CPU
		{D7C1A325-1723-442C-B428-18E85EAD8A6A}.Debug|Any CPU.ActiveCfg = Debug|Any CPU
		{D7C1A325-1723-442C-B428-18E85EAD8A6A}.Debug|Any CPU.Build.0 = Debug|Any CPU
		{D7C1A325-1723-442C-B428-18E85EAD8A6A}.Debug|Any CPU.Deploy.0 = Debug|Any CPU
		{D7C1A325-1723-442C-B428-18E85EAD8A6A}.Release|Any CPU.ActiveCfg = Release|Any CPU
		{D7C1A325-1723-442C-B428-18E85EAD8A6A}.Release|Any CPU.Build.0 = Release|Any CPU
		{D7C1A325-1723-442C-B428-18E85EAD8A6A}.Release|Any CPU.Deploy.0 = Release|Any CPU
		{F003EB66-BA97-4053-AAA1-A31905C81A03}.Debug|Any CPU.ActiveCfg = Debug|Any CPU
		{F003EB66-BA97-4053-AAA1-A31905C81A03}.Debug|Any CPU.Build.0 = Debug|Any CPU
		{F003EB66-BA97-4053-AAA1-A31905C81A03}.Debug|Any CPU.Deploy.0 = Debug|Any CPU
		{F003EB66-BA97-4053-AAA1-A31905C81A03}.Release|Any CPU.ActiveCfg = Release|Any CPU
		{F003EB66-BA97-4053-AAA1-A31905C81A03}.Release|Any CPU.Build.0 = Release|Any CPU
		{F003EB66-BA97-4053-AAA1-A31905C81A03}.Release|Any CPU.Deploy.0 = Release|Any CPU
		{EA36A0CB-FE5A-4E75-9D5C-E5A4106259AF}.Debug|Any CPU.ActiveCfg = Debug|Any CPU
		{EA36A0CB-FE5A-4E75-9D5C-E5A4106259AF}.Debug|Any CPU.Build.0 = Debug|Any CPU
		{EA36A0CB-FE5A-4E75-9D5C-E5A4106259AF}.Debug|Any CPU.Deploy.0 = Debug|Any CPU
		{EA36A0CB-FE5A-4E75-9D5C-E5A4106259AF}.Release|Any CPU.ActiveCfg = Release|Any CPU
		{EA36A0CB-FE5A-4E75-9D5C-E5A4106259AF}.Release|Any CPU.Build.0 = Release|Any CPU
		{EA36A0CB-FE5A-4E75-9D5C-E5A4106259AF}.Release|Any CPU.Deploy.0 = Release|Any CPU
		{22E34C22-6742-4B44-9777-D3053AB1D39D}.Debug|Any CPU.ActiveCfg = Debug|Any CPU
		{22E34C22-6742-4B44-9777-D3053AB1D39D}.Debug|Any CPU.Build.0 = Debug|Any CPU
		{22E34C22-6742-4B44-9777-D3053AB1D39D}.Debug|Any CPU.Deploy.0 = Debug|Any CPU
		{22E34C22-6742-4B44-9777-D3053AB1D39D}.Release|Any CPU.ActiveCfg = Release|Any CPU
		{22E34C22-6742-4B44-9777-D3053AB1D39D}.Release|Any CPU.Build.0 = Release|Any CPU
		{22E34C22-6742-4B44-9777-D3053AB1D39D}.Release|Any CPU.Deploy.0 = Release|Any CPU
		{6756D72D-1731-447C-A06D-D63D6FBFE8E5}.Debug|Any CPU.ActiveCfg = Debug|Any CPU
		{6756D72D-1731-447C-A06D-D63D6FBFE8E5}.Debug|Any CPU.Build.0 = Debug|Any CPU
		{6756D72D-1731-447C-A06D-D63D6FBFE8E5}.Release|Any CPU.ActiveCfg = Release|Any CPU
		{6756D72D-1731-447C-A06D-D63D6FBFE8E5}.Release|Any CPU.Build.0 = Release|Any CPU
		{32D18842-BC07-43AF-A36A-405090498CF9}.Debug|Any CPU.ActiveCfg = Debug|Any CPU
		{32D18842-BC07-43AF-A36A-405090498CF9}.Debug|Any CPU.Build.0 = Debug|Any CPU
		{32D18842-BC07-43AF-A36A-405090498CF9}.Debug|Any CPU.Deploy.0 = Debug|Any CPU
		{32D18842-BC07-43AF-A36A-405090498CF9}.Release|Any CPU.ActiveCfg = Release|Any CPU
		{32D18842-BC07-43AF-A36A-405090498CF9}.Release|Any CPU.Build.0 = Release|Any CPU
		{32D18842-BC07-43AF-A36A-405090498CF9}.Release|Any CPU.Deploy.0 = Release|Any CPU
		{573A137E-1A70-45D4-99F3-3406295E746D}.Debug|Any CPU.ActiveCfg = Debug|Any CPU
		{573A137E-1A70-45D4-99F3-3406295E746D}.Debug|Any CPU.Build.0 = Debug|Any CPU
		{573A137E-1A70-45D4-99F3-3406295E746D}.Release|Any CPU.ActiveCfg = Release|Any CPU
		{573A137E-1A70-45D4-99F3-3406295E746D}.Release|Any CPU.Build.0 = Release|Any CPU
		{728808DA-FEAD-4DA0-A539-1E1023808341}.Debug|Any CPU.ActiveCfg = Debug|Any CPU
		{728808DA-FEAD-4DA0-A539-1E1023808341}.Debug|Any CPU.Build.0 = Debug|Any CPU
		{728808DA-FEAD-4DA0-A539-1E1023808341}.Release|Any CPU.ActiveCfg = Release|Any CPU
		{728808DA-FEAD-4DA0-A539-1E1023808341}.Release|Any CPU.Build.0 = Release|Any CPU
		{66A3F12F-B010-4FE3-BF45-961CAE59C317}.Debug|Any CPU.ActiveCfg = Debug|Any CPU
		{66A3F12F-B010-4FE3-BF45-961CAE59C317}.Debug|Any CPU.Build.0 = Debug|Any CPU
		{66A3F12F-B010-4FE3-BF45-961CAE59C317}.Debug|Any CPU.Deploy.0 = Debug|Any CPU
		{66A3F12F-B010-4FE3-BF45-961CAE59C317}.Release|Any CPU.ActiveCfg = Release|Any CPU
		{66A3F12F-B010-4FE3-BF45-961CAE59C317}.Release|Any CPU.Build.0 = Release|Any CPU
		{66A3F12F-B010-4FE3-BF45-961CAE59C317}.Release|Any CPU.Deploy.0 = Release|Any CPU
		{EF980232-BADB-49B8-84FB-F5533C6B1FC7}.Debug|Any CPU.ActiveCfg = Debug|Any CPU
		{EF980232-BADB-49B8-84FB-F5533C6B1FC7}.Debug|Any CPU.Build.0 = Debug|Any CPU
		{EF980232-BADB-49B8-84FB-F5533C6B1FC7}.Debug|Any CPU.Deploy.0 = Debug|Any CPU
		{EF980232-BADB-49B8-84FB-F5533C6B1FC7}.Release|Any CPU.ActiveCfg = Release|Any CPU
		{EF980232-BADB-49B8-84FB-F5533C6B1FC7}.Release|Any CPU.Build.0 = Release|Any CPU
		{EF980232-BADB-49B8-84FB-F5533C6B1FC7}.Release|Any CPU.Deploy.0 = Release|Any CPU
		{2E9340D1-5CDC-4BE0-9223-CA29C46A8A45}.Debug|Any CPU.ActiveCfg = Debug|Any CPU
		{2E9340D1-5CDC-4BE0-9223-CA29C46A8A45}.Debug|Any CPU.Build.0 = Debug|Any CPU
		{2E9340D1-5CDC-4BE0-9223-CA29C46A8A45}.Debug|Any CPU.Deploy.0 = Debug|Any CPU
		{2E9340D1-5CDC-4BE0-9223-CA29C46A8A45}.Release|Any CPU.ActiveCfg = Release|Any CPU
		{2E9340D1-5CDC-4BE0-9223-CA29C46A8A45}.Release|Any CPU.Build.0 = Release|Any CPU
		{2E9340D1-5CDC-4BE0-9223-CA29C46A8A45}.Release|Any CPU.Deploy.0 = Release|Any CPU
		{AD3447AE-8430-475C-937B-625C3DDDB0EE}.Debug|Any CPU.ActiveCfg = Debug|Any CPU
		{AD3447AE-8430-475C-937B-625C3DDDB0EE}.Debug|Any CPU.Build.0 = Debug|Any CPU
		{AD3447AE-8430-475C-937B-625C3DDDB0EE}.Debug|Any CPU.Deploy.0 = Debug|Any CPU
		{AD3447AE-8430-475C-937B-625C3DDDB0EE}.Release|Any CPU.ActiveCfg = Release|Any CPU
		{AD3447AE-8430-475C-937B-625C3DDDB0EE}.Release|Any CPU.Build.0 = Release|Any CPU
		{AD3447AE-8430-475C-937B-625C3DDDB0EE}.Release|Any CPU.Deploy.0 = Release|Any CPU
		{F3E61839-7F8D-46A2-B193-726AF510A18D}.Debug|Any CPU.ActiveCfg = Debug|Any CPU
		{F3E61839-7F8D-46A2-B193-726AF510A18D}.Debug|Any CPU.Build.0 = Debug|Any CPU
		{F3E61839-7F8D-46A2-B193-726AF510A18D}.Debug|Any CPU.Deploy.0 = Debug|Any CPU
		{F3E61839-7F8D-46A2-B193-726AF510A18D}.Release|Any CPU.ActiveCfg = Release|Any CPU
		{F3E61839-7F8D-46A2-B193-726AF510A18D}.Release|Any CPU.Build.0 = Release|Any CPU
		{F3E61839-7F8D-46A2-B193-726AF510A18D}.Release|Any CPU.Deploy.0 = Release|Any CPU
		{D1B4F0FE-41E4-4F85-A77E-0503D44559BA}.Debug|Any CPU.ActiveCfg = Debug|Any CPU
		{D1B4F0FE-41E4-4F85-A77E-0503D44559BA}.Debug|Any CPU.Build.0 = Debug|Any CPU
		{D1B4F0FE-41E4-4F85-A77E-0503D44559BA}.Debug|Any CPU.Deploy.0 = Debug|Any CPU
		{D1B4F0FE-41E4-4F85-A77E-0503D44559BA}.Release|Any CPU.ActiveCfg = Release|Any CPU
		{D1B4F0FE-41E4-4F85-A77E-0503D44559BA}.Release|Any CPU.Build.0 = Release|Any CPU
		{D1B4F0FE-41E4-4F85-A77E-0503D44559BA}.Release|Any CPU.Deploy.0 = Release|Any CPU
		{4DAC5C07-DE64-44AC-A0DD-57B06D464A84}.Debug|Any CPU.ActiveCfg = Debug|Any CPU
		{4DAC5C07-DE64-44AC-A0DD-57B06D464A84}.Debug|Any CPU.Build.0 = Debug|Any CPU
		{4DAC5C07-DE64-44AC-A0DD-57B06D464A84}.Debug|Any CPU.Deploy.0 = Debug|Any CPU
		{4DAC5C07-DE64-44AC-A0DD-57B06D464A84}.Release|Any CPU.ActiveCfg = Release|Any CPU
		{4DAC5C07-DE64-44AC-A0DD-57B06D464A84}.Release|Any CPU.Build.0 = Release|Any CPU
		{4DAC5C07-DE64-44AC-A0DD-57B06D464A84}.Release|Any CPU.Deploy.0 = Release|Any CPU
		{1D20FDD0-1E04-4288-9011-D21378452536}.Debug|Any CPU.ActiveCfg = Debug|Any CPU
		{1D20FDD0-1E04-4288-9011-D21378452536}.Debug|Any CPU.Build.0 = Debug|Any CPU
		{1D20FDD0-1E04-4288-9011-D21378452536}.Debug|Any CPU.Deploy.0 = Debug|Any CPU
		{1D20FDD0-1E04-4288-9011-D21378452536}.Release|Any CPU.ActiveCfg = Release|Any CPU
		{1D20FDD0-1E04-4288-9011-D21378452536}.Release|Any CPU.Build.0 = Release|Any CPU
		{1D20FDD0-1E04-4288-9011-D21378452536}.Release|Any CPU.Deploy.0 = Release|Any CPU
		{2AA6BB72-E03C-41C3-A3E4-D61F5A3ADFD0}.Debug|Any CPU.ActiveCfg = Debug|Any CPU
		{2AA6BB72-E03C-41C3-A3E4-D61F5A3ADFD0}.Debug|Any CPU.Build.0 = Debug|Any CPU
		{2AA6BB72-E03C-41C3-A3E4-D61F5A3ADFD0}.Debug|Any CPU.Deploy.0 = Debug|Any CPU
		{2AA6BB72-E03C-41C3-A3E4-D61F5A3ADFD0}.Release|Any CPU.ActiveCfg = Release|Any CPU
		{2AA6BB72-E03C-41C3-A3E4-D61F5A3ADFD0}.Release|Any CPU.Build.0 = Release|Any CPU
		{2AA6BB72-E03C-41C3-A3E4-D61F5A3ADFD0}.Release|Any CPU.Deploy.0 = Release|Any CPU
		{4BCCF0F5-CB4C-470F-9373-BCE351083FC2}.Debug|Any CPU.ActiveCfg = Debug|Any CPU
		{4BCCF0F5-CB4C-470F-9373-BCE351083FC2}.Debug|Any CPU.Build.0 = Debug|Any CPU
		{4BCCF0F5-CB4C-470F-9373-BCE351083FC2}.Debug|Any CPU.Deploy.0 = Debug|Any CPU
		{4BCCF0F5-CB4C-470F-9373-BCE351083FC2}.Release|Any CPU.ActiveCfg = Release|Any CPU
		{4BCCF0F5-CB4C-470F-9373-BCE351083FC2}.Release|Any CPU.Build.0 = Release|Any CPU
		{4BCCF0F5-CB4C-470F-9373-BCE351083FC2}.Release|Any CPU.Deploy.0 = Release|Any CPU
		{3FB7C5B7-7C1F-444A-80DA-A4771A0001DD}.Debug|Any CPU.ActiveCfg = Debug|Any CPU
		{3FB7C5B7-7C1F-444A-80DA-A4771A0001DD}.Debug|Any CPU.Build.0 = Debug|Any CPU
		{3FB7C5B7-7C1F-444A-80DA-A4771A0001DD}.Debug|Any CPU.Deploy.0 = Debug|Any CPU
		{3FB7C5B7-7C1F-444A-80DA-A4771A0001DD}.Release|Any CPU.ActiveCfg = Release|Any CPU
		{3FB7C5B7-7C1F-444A-80DA-A4771A0001DD}.Release|Any CPU.Build.0 = Release|Any CPU
		{3FB7C5B7-7C1F-444A-80DA-A4771A0001DD}.Release|Any CPU.Deploy.0 = Release|Any CPU
		{4A5091FF-3695-41E5-ACFC-F3E9727F3590}.Debug|Any CPU.ActiveCfg = Debug|Any CPU
		{4A5091FF-3695-41E5-ACFC-F3E9727F3590}.Debug|Any CPU.Build.0 = Debug|Any CPU
		{4A5091FF-3695-41E5-ACFC-F3E9727F3590}.Release|Any CPU.ActiveCfg = Release|Any CPU
		{4A5091FF-3695-41E5-ACFC-F3E9727F3590}.Release|Any CPU.Build.0 = Release|Any CPU
		{9CB70566-505C-4FE0-B570-08161BC563AA}.Debug|Any CPU.ActiveCfg = Debug|Any CPU
		{9CB70566-505C-4FE0-B570-08161BC563AA}.Debug|Any CPU.Build.0 = Debug|Any CPU
		{9CB70566-505C-4FE0-B570-08161BC563AA}.Release|Any CPU.ActiveCfg = Release|Any CPU
		{9CB70566-505C-4FE0-B570-08161BC563AA}.Release|Any CPU.Build.0 = Release|Any CPU
		{D3BA5089-89A4-4D65-BADD-20A2E129AE49}.Debug|Any CPU.ActiveCfg = Debug|Any CPU
		{D3BA5089-89A4-4D65-BADD-20A2E129AE49}.Debug|Any CPU.Build.0 = Debug|Any CPU
		{D3BA5089-89A4-4D65-BADD-20A2E129AE49}.Debug|Any CPU.Deploy.0 = Debug|Any CPU
		{D3BA5089-89A4-4D65-BADD-20A2E129AE49}.Release|Any CPU.ActiveCfg = Release|Any CPU
		{D3BA5089-89A4-4D65-BADD-20A2E129AE49}.Release|Any CPU.Build.0 = Release|Any CPU
		{D3BA5089-89A4-4D65-BADD-20A2E129AE49}.Release|Any CPU.Deploy.0 = Release|Any CPU
	EndGlobalSection
	GlobalSection(SolutionProperties) = preSolution
		HideSolutionNode = FALSE
	EndGlobalSection
	GlobalSection(NestedProjects) = preSolution
		{12EBAE4F-44EF-4073-99CB-DA025F8E7B84} = {D5923179-C908-4EC8-AEC8-C1A467871028}
		{2C34DE9C-6860-4963-BF83-013458FFFB40} = {7C2E1186-979B-408D-BA66-7224C048B8CB}
		{1BCF1BC3-0063-4AF6-B19A-11FAF6DD663E} = {718BB57D-3173-4122-B600-AF7082422A4A}
		{92324595-67BA-460E-A897-BD6B17BEE8A6} = {718BB57D-3173-4122-B600-AF7082422A4A}
		{800A4E96-D57E-4C99-AFD7-EC483B8AD518} = {92324595-67BA-460E-A897-BD6B17BEE8A6}
		{C771FB9E-D1C3-4B1B-A30B-D727F469C991} = {3FD20D90-7756-4A4B-A856-AC5D6EBD240C}
		{96194EEC-462D-4E45-8B76-2DF26A894D09} = {DEF32692-C0ED-4569-8AEB-045569AD635D}
		{812A3B27-11FC-4405-BF4D-D1F9AAD4D54E} = {DEF32692-C0ED-4569-8AEB-045569AD635D}
		{CCDCAAAB-0987-455F-BC5C-176FF3FBCA40} = {812A3B27-11FC-4405-BF4D-D1F9AAD4D54E}
		{99224854-CFE6-4EB9-925A-EF5E931954C2} = {3FD20D90-7756-4A4B-A856-AC5D6EBD240C}
		{FBE16065-3C73-4BC8-B6AE-FD624D1F1B51} = {C771FB9E-D1C3-4B1B-A30B-D727F469C991}
		{660DCD33-2095-4072-A487-96DA0201C946} = {D5923179-C908-4EC8-AEC8-C1A467871028}
		{7065A24E-4A6D-4C59-ADEF-C5AC63FB40B0} = {12EBAE4F-44EF-4073-99CB-DA025F8E7B84}
		{DEA6A88D-5A2B-45CE-A430-598ECF1E445E} = {7C2E1186-979B-408D-BA66-7224C048B8CB}
		{DB85B42B-CC6E-4129-96C1-FDDCC3536DD2} = {2C34DE9C-6860-4963-BF83-013458FFFB40}
		{63BB747B-FF3D-4254-9C71-05181739DEA5} = {E6434FCF-518A-4DBD-B0A9-8925531B197E}
		{43BEE007-0FED-4477-806E-28F12C7DDC85} = {E6434FCF-518A-4DBD-B0A9-8925531B197E}
		{D127DA01-C3B0-49CA-A964-CDEAFF7BFE5E} = {63BB747B-FF3D-4254-9C71-05181739DEA5}
		{17ABCF6F-E972-4592-B70F-D15C17E1ADF7} = {93300EE3-6452-4C59-8C99-6AA6A4F50532}
		{5B29F4D6-2D4E-496A-A7CA-2303398FBCBB} = {93300EE3-6452-4C59-8C99-6AA6A4F50532}
		{B3BF79A9-45C0-44B5-8B4D-FF71830C5D5B} = {5B29F4D6-2D4E-496A-A7CA-2303398FBCBB}
		{D6348767-13E9-4DA8-B154-9B66D78BF264} = {20E3A0B4-6103-4EAD-BD90-90C673E07DCC}
		{B4A02377-4AA5-4F45-9938-59FDE7FC8D02} = {20E3A0B4-6103-4EAD-BD90-90C673E07DCC}
		{6C6943AE-23AD-4206-887A-46B60720E936} = {20E3A0B4-6103-4EAD-BD90-90C673E07DCC}
		{82CBBA06-7A53-47C0-8B81-4953830FC36F} = {20E3A0B4-6103-4EAD-BD90-90C673E07DCC}
		{D09B992A-C08A-48C4-A243-8B4394E8FA52} = {20E3A0B4-6103-4EAD-BD90-90C673E07DCC}
		{66B1D765-D44A-4101-AAFB-B1D0EA9B2EC8} = {20E3A0B4-6103-4EAD-BD90-90C673E07DCC}
		{CFB83369-D534-4F7C-BA4D-8D061D9F41E5} = {20E3A0B4-6103-4EAD-BD90-90C673E07DCC}
		{23A6D738-4FB5-48DA-95E8-DF589EB535E0} = {20E3A0B4-6103-4EAD-BD90-90C673E07DCC}
		{A6675803-03EC-41E5-973F-12CD684FCA81} = {20E3A0B4-6103-4EAD-BD90-90C673E07DCC}
		{A5DAEA7F-86B7-4BE8-834D-248F5B0CEBE6} = {20E3A0B4-6103-4EAD-BD90-90C673E07DCC}
		{0A92D618-C408-4A00-92E6-D36440D1E18D} = {20E3A0B4-6103-4EAD-BD90-90C673E07DCC}
		{EEDDAF1D-2E35-4A7A-8C94-9F6BCA9289FB} = {12F537E2-13DC-4023-89E4-9E8515809604}
		{C259536A-75D7-4D8A-B4F5-8C0306A897DE} = {12F537E2-13DC-4023-89E4-9E8515809604}
		{1B9F8444-BAC8-423C-9D01-3D354FB8C083} = {C259536A-75D7-4D8A-B4F5-8C0306A897DE}
		{0CEE7DD7-3882-4407-877B-F4479884B68F} = {20E3A0B4-6103-4EAD-BD90-90C673E07DCC}
		{612330E4-37C3-4EAA-B0E3-4E51B88FCD6D} = {C5EF7E87-CB3A-4C43-A9BE-CBC790E2447B}
		{8D2B9D45-FAEE-4062-BC09-9023C06C7A1D} = {5D715FF0-DD96-4846-AE9E-1659D20913FF}
		{C6503E2B-0A1F-4225-AAC3-5F75BDA57D52} = {5D715FF0-DD96-4846-AE9E-1659D20913FF}
		{8927CDE8-A3EE-4972-97D6-424E1612C3A6} = {8D2B9D45-FAEE-4062-BC09-9023C06C7A1D}
		{81F7EA9F-228D-459A-AE2A-29441BE37FB0} = {C5EF7E87-CB3A-4C43-A9BE-CBC790E2447B}
		{F7490EE5-DBFE-460F-BB8D-50827F123506} = {612330E4-37C3-4EAA-B0E3-4E51B88FCD6D}
		{7C336B38-E632-4363-B087-FBFF2AF98E4F} = {20E3A0B4-6103-4EAD-BD90-90C673E07DCC}
		{3851FEF7-FCFF-47D9-930E-33360C0E41EF} = {20E3A0B4-6103-4EAD-BD90-90C673E07DCC}
		{6F47C405-0E1E-4F68-8BE6-C8A9C6F20B2E} = {C771FB9E-D1C3-4B1B-A30B-D727F469C991}
		{14737468-C0FC-4CA4-8F36-8EA4AD85AA9F} = {63BB747B-FF3D-4254-9C71-05181739DEA5}
		{1C6EC5BB-353A-478D-878C-06E2215D4AF6} = {5B29F4D6-2D4E-496A-A7CA-2303398FBCBB}
		{8C7B4E9E-4235-4140-9253-6BEDAB93DC6A} = {C259536A-75D7-4D8A-B4F5-8C0306A897DE}
		{483E99AF-6C94-4320-BD8E-1B4B83A4E85B} = {20E3A0B4-6103-4EAD-BD90-90C673E07DCC}
		{2B1350AA-1F1E-44E2-8B72-2F0B837586C1} = {9A8DF869-96F4-4C28-8D9D-44F6750D6DCF}
		{CD417F70-49D2-4A58-B7AA-AB73E41D7877} = {9A8DF869-96F4-4C28-8D9D-44F6750D6DCF}
		{D7C1A325-1723-442C-B428-18E85EAD8A6A} = {2B1350AA-1F1E-44E2-8B72-2F0B837586C1}
		{F003EB66-BA97-4053-AAA1-A31905C81A03} = {38F55E5E-BD3D-420C-8332-E20BA972E159}
		{15E6012B-EB52-486E-8066-8D13AE4B80CE} = {38F55E5E-BD3D-420C-8332-E20BA972E159}
		{EA36A0CB-FE5A-4E75-9D5C-E5A4106259AF} = {15E6012B-EB52-486E-8066-8D13AE4B80CE}
		{22E34C22-6742-4B44-9777-D3053AB1D39D} = {20E3A0B4-6103-4EAD-BD90-90C673E07DCC}
		{6756D72D-1731-447C-A06D-D63D6FBFE8E5} = {20E3A0B4-6103-4EAD-BD90-90C673E07DCC}
		{32D18842-BC07-43AF-A36A-405090498CF9} = {20E3A0B4-6103-4EAD-BD90-90C673E07DCC}
		{573A137E-1A70-45D4-99F3-3406295E746D} = {20E3A0B4-6103-4EAD-BD90-90C673E07DCC}
		{728808DA-FEAD-4DA0-A539-1E1023808341} = {20E3A0B4-6103-4EAD-BD90-90C673E07DCC}
		{66A3F12F-B010-4FE3-BF45-961CAE59C317} = {20E3A0B4-6103-4EAD-BD90-90C673E07DCC}
		{EF980232-BADB-49B8-84FB-F5533C6B1FC7} = {20E3A0B4-6103-4EAD-BD90-90C673E07DCC}
		{2E9340D1-5CDC-4BE0-9223-CA29C46A8A45} = {20E3A0B4-6103-4EAD-BD90-90C673E07DCC}
		{AD3447AE-8430-475C-937B-625C3DDDB0EE} = {20E3A0B4-6103-4EAD-BD90-90C673E07DCC}
		{F3E61839-7F8D-46A2-B193-726AF510A18D} = {20E3A0B4-6103-4EAD-BD90-90C673E07DCC}
		{D1B4F0FE-41E4-4F85-A77E-0503D44559BA} = {20E3A0B4-6103-4EAD-BD90-90C673E07DCC}
		{4DAC5C07-DE64-44AC-A0DD-57B06D464A84} = {20E3A0B4-6103-4EAD-BD90-90C673E07DCC}
		{1D20FDD0-1E04-4288-9011-D21378452536} = {B86890B5-CB69-45AF-9C55-FEBD0E622E85}
		{0AA5196D-077C-4705-8675-2C810C133B89} = {B86890B5-CB69-45AF-9C55-FEBD0E622E85}
		{2AA6BB72-E03C-41C3-A3E4-D61F5A3ADFD0} = {0AA5196D-077C-4705-8675-2C810C133B89}
		{4BCCF0F5-CB4C-470F-9373-BCE351083FC2} = {E600F207-5AED-494C-BACF-69A43A186700}
		{1573A485-9CE0-4614-80C5-578B6202449B} = {E600F207-5AED-494C-BACF-69A43A186700}
		{3FB7C5B7-7C1F-444A-80DA-A4771A0001DD} = {1573A485-9CE0-4614-80C5-578B6202449B}
		{4A5091FF-3695-41E5-ACFC-F3E9727F3590} = {20E3A0B4-6103-4EAD-BD90-90C673E07DCC}
		{9CB70566-505C-4FE0-B570-08161BC563AA} = {20E3A0B4-6103-4EAD-BD90-90C673E07DCC}
		{D3BA5089-89A4-4D65-BADD-20A2E129AE49} = {20E3A0B4-6103-4EAD-BD90-90C673E07DCC}
	EndGlobalSection
	GlobalSection(ExtensibilityGlobals) = postSolution
		SolutionGuid = {BF2FC8CE-57C6-468C-B82D-D8204E6D9360}
	EndGlobalSection
EndGlobal
