
Microsoft Visual Studio Solution File, Format Version 12.00
# Visual Studio Version 17
VisualStudioVersion = 17.0.32014.148
MinimumVisualStudioVersion = 10.0.40219.1
Project("{2150E333-8FDC-42A3-9474-1A3956D46DE8}") = "C16x9G", "C16x9G", "{D5923179-C908-4EC8-AEC8-C1A467871028}"
EndProject
Project("{2150E333-8FDC-42A3-9474-1A3956D46DE8}") = "Sample", "Sample", "{12EBAE4F-44EF-4073-99CB-DA025F8E7B84}"
EndProject
Project("{2150E333-8FDC-42A3-9474-1A3956D46DE8}") = "CButtonG", "CButtonG", "{7C2E1186-979B-408D-BA66-7224C048B8CB}"
EndProject
Project("{2150E333-8FDC-42A3-9474-1A3956D46DE8}") = "Sample", "Sample", "{2C34DE9C-6860-4963-BF83-013458FFFB40}"
EndProject
Project("{9A19103F-16F7-4668-BE54-9A1E7A4F7556}") = "C16x9G", "C16x9G\Driver\C16x9G.csproj", "{E3D0903C-CF2D-4B1A-A5A9-5FEC8870E9DE}"
EndProject
Project("{9A19103F-16F7-4668-BE54-9A1E7A4F7556}") = "C16x9G_Sample", "C16x9G\Sample\C16x9G_Sample\C16x9G_Sample.csproj", "{194D8C48-02CB-4F54-8CFD-498C06CC26C0}"
EndProject
Project("{9A19103F-16F7-4668-BE54-9A1E7A4F7556}") = "CButtonG", "CButtonG\Driver\CButtonG.csproj", "{A7B06411-EE00-4920-9177-BC4A425FB9B5}"
EndProject
Project("{9A19103F-16F7-4668-BE54-9A1E7A4F7556}") = "CButtonG_Sample", "CButtonG\Sample\CButtonG_Sample\CButtonG_Sample.csproj", "{AC298109-A90E-40E7-849E-F63017C927AB}"
EndProject
Project("{2150E333-8FDC-42A3-9474-1A3956D46DE8}") = "_Projects", "_Projects", "{96AA206A-6439-4E47-A202-5E05ACE14450}"
EndProject
Project("{9A19103F-16F7-4668-BE54-9A1E7A4F7556}") = "Meadow.Foundation.Core", "..\..\meadow.foundation\Source\Meadow.Foundation.Core\Meadow.Foundation.Core.csproj", "{B6558EF0-5690-4EBA-BC31-84B8A2747E5B}"
EndProject
Project("{9A19103F-16F7-4668-BE54-9A1E7A4F7556}") = "Meadow.Contracts", "..\..\Meadow.Contracts\Source\Meadow.Contracts\Meadow.Contracts.csproj", "{555D0B34-7A0E-4B7E-AA8D-14EC8F1297B0}"
EndProject
Project("{9A19103F-16F7-4668-BE54-9A1E7A4F7556}") = "Meadow.Core", "..\..\Meadow.Core\source\Meadow.Core\Meadow.Core.csproj", "{09F3B0FE-B0A4-4455-95F6-5E039367CDC3}"
EndProject
Project("{9A19103F-16F7-4668-BE54-9A1E7A4F7556}") = "Meadow.F7", "..\..\Meadow.Core\source\Meadow.F7\Meadow.F7.csproj", "{E3F20011-E47A-4091-AC3F-6D6E328442A2}"
EndProject
Global
	GlobalSection(SolutionConfigurationPlatforms) = preSolution
		Debug|Any CPU = Debug|Any CPU
		Release|Any CPU = Release|Any CPU
	EndGlobalSection
	GlobalSection(ProjectConfigurationPlatforms) = postSolution
		{E3D0903C-CF2D-4B1A-A5A9-5FEC8870E9DE}.Debug|Any CPU.ActiveCfg = Debug|Any CPU
		{E3D0903C-CF2D-4B1A-A5A9-5FEC8870E9DE}.Debug|Any CPU.Build.0 = Debug|Any CPU
		{E3D0903C-CF2D-4B1A-A5A9-5FEC8870E9DE}.Debug|Any CPU.Deploy.0 = Debug|Any CPU
		{E3D0903C-CF2D-4B1A-A5A9-5FEC8870E9DE}.Release|Any CPU.ActiveCfg = Release|Any CPU
		{E3D0903C-CF2D-4B1A-A5A9-5FEC8870E9DE}.Release|Any CPU.Build.0 = Release|Any CPU
		{E3D0903C-CF2D-4B1A-A5A9-5FEC8870E9DE}.Release|Any CPU.Deploy.0 = Release|Any CPU
		{194D8C48-02CB-4F54-8CFD-498C06CC26C0}.Debug|Any CPU.ActiveCfg = Debug|Any CPU
		{194D8C48-02CB-4F54-8CFD-498C06CC26C0}.Debug|Any CPU.Build.0 = Debug|Any CPU
		{194D8C48-02CB-4F54-8CFD-498C06CC26C0}.Debug|Any CPU.Deploy.0 = Debug|Any CPU
		{194D8C48-02CB-4F54-8CFD-498C06CC26C0}.Release|Any CPU.ActiveCfg = Release|Any CPU
		{194D8C48-02CB-4F54-8CFD-498C06CC26C0}.Release|Any CPU.Build.0 = Release|Any CPU
		{194D8C48-02CB-4F54-8CFD-498C06CC26C0}.Release|Any CPU.Deploy.0 = Release|Any CPU
		{A7B06411-EE00-4920-9177-BC4A425FB9B5}.Debug|Any CPU.ActiveCfg = Debug|Any CPU
		{A7B06411-EE00-4920-9177-BC4A425FB9B5}.Debug|Any CPU.Build.0 = Debug|Any CPU
		{A7B06411-EE00-4920-9177-BC4A425FB9B5}.Debug|Any CPU.Deploy.0 = Debug|Any CPU
		{A7B06411-EE00-4920-9177-BC4A425FB9B5}.Release|Any CPU.ActiveCfg = Release|Any CPU
		{A7B06411-EE00-4920-9177-BC4A425FB9B5}.Release|Any CPU.Build.0 = Release|Any CPU
		{A7B06411-EE00-4920-9177-BC4A425FB9B5}.Release|Any CPU.Deploy.0 = Release|Any CPU
		{AC298109-A90E-40E7-849E-F63017C927AB}.Debug|Any CPU.ActiveCfg = Debug|Any CPU
		{AC298109-A90E-40E7-849E-F63017C927AB}.Debug|Any CPU.Build.0 = Debug|Any CPU
		{AC298109-A90E-40E7-849E-F63017C927AB}.Debug|Any CPU.Deploy.0 = Debug|Any CPU
		{AC298109-A90E-40E7-849E-F63017C927AB}.Release|Any CPU.ActiveCfg = Release|Any CPU
		{AC298109-A90E-40E7-849E-F63017C927AB}.Release|Any CPU.Build.0 = Release|Any CPU
		{AC298109-A90E-40E7-849E-F63017C927AB}.Release|Any CPU.Deploy.0 = Release|Any CPU
		{B6558EF0-5690-4EBA-BC31-84B8A2747E5B}.Debug|Any CPU.ActiveCfg = Debug|Any CPU
		{B6558EF0-5690-4EBA-BC31-84B8A2747E5B}.Debug|Any CPU.Build.0 = Debug|Any CPU
		{B6558EF0-5690-4EBA-BC31-84B8A2747E5B}.Debug|Any CPU.Deploy.0 = Debug|Any CPU
		{B6558EF0-5690-4EBA-BC31-84B8A2747E5B}.Release|Any CPU.ActiveCfg = Release|Any CPU
		{B6558EF0-5690-4EBA-BC31-84B8A2747E5B}.Release|Any CPU.Build.0 = Release|Any CPU
		{B6558EF0-5690-4EBA-BC31-84B8A2747E5B}.Release|Any CPU.Deploy.0 = Release|Any CPU
		{555D0B34-7A0E-4B7E-AA8D-14EC8F1297B0}.Debug|Any CPU.ActiveCfg = Debug|Any CPU
		{555D0B34-7A0E-4B7E-AA8D-14EC8F1297B0}.Debug|Any CPU.Build.0 = Debug|Any CPU
		{555D0B34-7A0E-4B7E-AA8D-14EC8F1297B0}.Debug|Any CPU.Deploy.0 = Debug|Any CPU
		{555D0B34-7A0E-4B7E-AA8D-14EC8F1297B0}.Release|Any CPU.ActiveCfg = Release|Any CPU
		{555D0B34-7A0E-4B7E-AA8D-14EC8F1297B0}.Release|Any CPU.Build.0 = Release|Any CPU
		{555D0B34-7A0E-4B7E-AA8D-14EC8F1297B0}.Release|Any CPU.Deploy.0 = Release|Any CPU
		{09F3B0FE-B0A4-4455-95F6-5E039367CDC3}.Debug|Any CPU.ActiveCfg = Debug|Any CPU
		{09F3B0FE-B0A4-4455-95F6-5E039367CDC3}.Debug|Any CPU.Build.0 = Debug|Any CPU
		{09F3B0FE-B0A4-4455-95F6-5E039367CDC3}.Debug|Any CPU.Deploy.0 = Debug|Any CPU
		{09F3B0FE-B0A4-4455-95F6-5E039367CDC3}.Release|Any CPU.ActiveCfg = Release|Any CPU
		{09F3B0FE-B0A4-4455-95F6-5E039367CDC3}.Release|Any CPU.Build.0 = Release|Any CPU
		{09F3B0FE-B0A4-4455-95F6-5E039367CDC3}.Release|Any CPU.Deploy.0 = Release|Any CPU
		{E3F20011-E47A-4091-AC3F-6D6E328442A2}.Debug|Any CPU.ActiveCfg = Debug|Any CPU
		{E3F20011-E47A-4091-AC3F-6D6E328442A2}.Debug|Any CPU.Build.0 = Debug|Any CPU
		{E3F20011-E47A-4091-AC3F-6D6E328442A2}.Debug|Any CPU.Deploy.0 = Debug|Any CPU
		{E3F20011-E47A-4091-AC3F-6D6E328442A2}.Release|Any CPU.ActiveCfg = Release|Any CPU
		{E3F20011-E47A-4091-AC3F-6D6E328442A2}.Release|Any CPU.Build.0 = Release|Any CPU
		{E3F20011-E47A-4091-AC3F-6D6E328442A2}.Release|Any CPU.Deploy.0 = Release|Any CPU
	EndGlobalSection
	GlobalSection(SolutionProperties) = preSolution
		HideSolutionNode = FALSE
	EndGlobalSection
	GlobalSection(NestedProjects) = preSolution
		{12EBAE4F-44EF-4073-99CB-DA025F8E7B84} = {D5923179-C908-4EC8-AEC8-C1A467871028}
		{2C34DE9C-6860-4963-BF83-013458FFFB40} = {7C2E1186-979B-408D-BA66-7224C048B8CB}
		{E3D0903C-CF2D-4B1A-A5A9-5FEC8870E9DE} = {D5923179-C908-4EC8-AEC8-C1A467871028}
		{194D8C48-02CB-4F54-8CFD-498C06CC26C0} = {12EBAE4F-44EF-4073-99CB-DA025F8E7B84}
		{A7B06411-EE00-4920-9177-BC4A425FB9B5} = {7C2E1186-979B-408D-BA66-7224C048B8CB}
		{AC298109-A90E-40E7-849E-F63017C927AB} = {2C34DE9C-6860-4963-BF83-013458FFFB40}
		{B6558EF0-5690-4EBA-BC31-84B8A2747E5B} = {96AA206A-6439-4E47-A202-5E05ACE14450}
		{555D0B34-7A0E-4B7E-AA8D-14EC8F1297B0} = {96AA206A-6439-4E47-A202-5E05ACE14450}
		{09F3B0FE-B0A4-4455-95F6-5E039367CDC3} = {96AA206A-6439-4E47-A202-5E05ACE14450}
		{E3F20011-E47A-4091-AC3F-6D6E328442A2} = {96AA206A-6439-4E47-A202-5E05ACE14450}
	EndGlobalSection
	GlobalSection(ExtensibilityGlobals) = postSolution
		SolutionGuid = {BF2FC8CE-57C6-468C-B82D-D8204E6D9360}
	EndGlobalSection
EndGlobal
